// !$*UTF8*$!
{
	archiveVersion = 1;
	classes = {
	};
	objectVersion = 46;
	objects = {

/* Begin PBXBuildFile section */
		07F29BD556D94D2BBFDE0DC7 /* libPods.a in Frameworks */ = {isa = PBXBuildFile; fileRef = 0CB5601261D84360B6711408 /* libPods.a */; };
		D9174FEE16CE5AAB00E1D735 /* GetAlbumsResponse in Resources */ = {isa = PBXBuildFile; fileRef = D9174FED16CE5AAB00E1D735 /* GetAlbumsResponse */; };
		D9174FF316CE647700E1D735 /* AudioGetApiRequestSenderSpec.m in Sources */ = {isa = PBXBuildFile; fileRef = D9174FF216CE647700E1D735 /* AudioGetApiRequestSenderSpec.m */; };
		D91750F716C99D5E00A00448 /* AudioGetApiRequest.m in Sources */ = {isa = PBXBuildFile; fileRef = D91750F616C99D5E00A00448 /* AudioGetApiRequest.m */; };
		D91750F816C99D5E00A00448 /* AudioGetApiRequest.m in Sources */ = {isa = PBXBuildFile; fileRef = D91750F616C99D5E00A00448 /* AudioGetApiRequest.m */; };
		D91750FA16C9A5AE00A00448 /* UsersAudioViewController.xib in Resources */ = {isa = PBXBuildFile; fileRef = D91750F916C9A5AE00A00448 /* UsersAudioViewController.xib */; };
		D91750FB16C9A5AE00A00448 /* UsersAudioViewController.xib in Resources */ = {isa = PBXBuildFile; fileRef = D91750F916C9A5AE00A00448 /* UsersAudioViewController.xib */; };
		D91750FD16C9A65300A00448 /* SavedViewController.xib in Resources */ = {isa = PBXBuildFile; fileRef = D91750FC16C9A65300A00448 /* SavedViewController.xib */; };
		D91750FE16C9A65300A00448 /* SavedViewController.xib in Resources */ = {isa = PBXBuildFile; fileRef = D91750FC16C9A65300A00448 /* SavedViewController.xib */; };
		D9258C261695F8F70072798B /* UIKit.framework in Frameworks */ = {isa = PBXBuildFile; fileRef = D9258C251695F8F70072798B /* UIKit.framework */; };
		D9258C281695F8F70072798B /* Foundation.framework in Frameworks */ = {isa = PBXBuildFile; fileRef = D9258C271695F8F70072798B /* Foundation.framework */; };
		D9258C2A1695F8F70072798B /* CoreGraphics.framework in Frameworks */ = {isa = PBXBuildFile; fileRef = D9258C291695F8F70072798B /* CoreGraphics.framework */; };
		D9258C301695F8F70072798B /* InfoPlist.strings in Resources */ = {isa = PBXBuildFile; fileRef = D9258C2E1695F8F70072798B /* InfoPlist.strings */; };
		D9258C321695F8F70072798B /* main.m in Sources */ = {isa = PBXBuildFile; fileRef = D9258C311695F8F70072798B /* main.m */; };
		D9258C361695F8F70072798B /* AppDelegate.m in Sources */ = {isa = PBXBuildFile; fileRef = D9258C351695F8F70072798B /* AppDelegate.m */; };
		D9258C381695F8F70072798B /* Default.png in Resources */ = {isa = PBXBuildFile; fileRef = D9258C371695F8F70072798B /* Default.png */; };
		D9258C3A1695F8F70072798B /* Default@2x.png in Resources */ = {isa = PBXBuildFile; fileRef = D9258C391695F8F70072798B /* Default@2x.png */; };
		D9258C3C1695F8F70072798B /* Default-568h@2x.png in Resources */ = {isa = PBXBuildFile; fileRef = D9258C3B1695F8F70072798B /* Default-568h@2x.png */; };
		D94BD73016CD6A9D00CC9891 /* AlbumsGetApiRequest.m in Sources */ = {isa = PBXBuildFile; fileRef = D94BD72F16CD6A9D00CC9891 /* AlbumsGetApiRequest.m */; };
		D94BD73116CD6A9D00CC9891 /* AlbumsGetApiRequest.m in Sources */ = {isa = PBXBuildFile; fileRef = D94BD72F16CD6A9D00CC9891 /* AlbumsGetApiRequest.m */; };
		D94BD73416CD77EB00CC9891 /* EKFileManager.m in Sources */ = {isa = PBXBuildFile; fileRef = D9AF649916C43338000DCF26 /* EKFileManager.m */; settings = {COMPILER_FLAGS = "-fno-objc-arc"; }; };
		D957D6CF16962BEE001F352B /* OAuthResponseSpec.mm in Sources */ = {isa = PBXBuildFile; fileRef = D957D6CE16962BEE001F352B /* OAuthResponseSpec.mm */; };
		D957D6D116962FA2001F352B /* OAuthResponse.m in Sources */ = {isa = PBXBuildFile; fileRef = D99538471696214000C8B6F4 /* OAuthResponse.m */; };
		D98C552216B4112C002536EF /* NSString+TimeFormatting.m in Sources */ = {isa = PBXBuildFile; fileRef = D98C552116B4112C002536EF /* NSString+TimeFormatting.m */; };
		D98C552316B4112C002536EF /* NSString+TimeFormatting.m in Sources */ = {isa = PBXBuildFile; fileRef = D98C552116B4112C002536EF /* NSString+TimeFormatting.m */; };
		D98C552616B41168002536EF /* NSStringExtensionsSpec.mm in Sources */ = {isa = PBXBuildFile; fileRef = D98C552516B41168002536EF /* NSStringExtensionsSpec.mm */; };
		D98C552A16B4474B002536EF /* AudioCell.m in Sources */ = {isa = PBXBuildFile; fileRef = D98C552916B4474B002536EF /* AudioCell.m */; };
		D98C552B16B4474B002536EF /* AudioCell.m in Sources */ = {isa = PBXBuildFile; fileRef = D98C552916B4474B002536EF /* AudioCell.m */; };
		D98C552D16B4476D002536EF /* AudioCell.xib in Resources */ = {isa = PBXBuildFile; fileRef = D98C552C16B4476D002536EF /* AudioCell.xib */; };
		D98C552E16B4476D002536EF /* AudioCell.xib in Resources */ = {isa = PBXBuildFile; fileRef = D98C552C16B4476D002536EF /* AudioCell.xib */; };
		D98C553A16B4519F002536EF /* UITableView+CellCreation.m in Sources */ = {isa = PBXBuildFile; fileRef = D98C553916B4519F002536EF /* UITableView+CellCreation.m */; };
		D98C553B16B4519F002536EF /* UITableView+CellCreation.m in Sources */ = {isa = PBXBuildFile; fileRef = D98C553916B4519F002536EF /* UITableView+CellCreation.m */; };
		D98C5DCF169864660084D92A /* NSURLRequestManagerSpec.mm in Sources */ = {isa = PBXBuildFile; fileRef = D98C5DCE169864660084D92A /* NSURLRequestManagerSpec.mm */; };
		D98C5DD1169866120084D92A /* NSURLRequestManager.m in Sources */ = {isa = PBXBuildFile; fileRef = D995383B16960E7100C8B6F4 /* NSURLRequestManager.m */; };
		D98C5DD4169883510084D92A /* MobileCoreServices.framework in Frameworks */ = {isa = PBXBuildFile; fileRef = D98C5DD2169883510084D92A /* MobileCoreServices.framework */; };
		D98C5DD5169883510084D92A /* MobileCoreServices.framework in Frameworks */ = {isa = PBXBuildFile; fileRef = D98C5DD2169883510084D92A /* MobileCoreServices.framework */; };
		D98C5DD6169883510084D92A /* SystemConfiguration.framework in Frameworks */ = {isa = PBXBuildFile; fileRef = D98C5DD3169883510084D92A /* SystemConfiguration.framework */; };
		D98C5DD7169883510084D92A /* SystemConfiguration.framework in Frameworks */ = {isa = PBXBuildFile; fileRef = D98C5DD3169883510084D92A /* SystemConfiguration.framework */; };
		D98C5DDA169885D30084D92A /* ResponseParser.m in Sources */ = {isa = PBXBuildFile; fileRef = D98C5DD9169885D30084D92A /* ResponseParser.m */; };
		D98C5DDB169885D30084D92A /* ResponseParser.m in Sources */ = {isa = PBXBuildFile; fileRef = D98C5DD9169885D30084D92A /* ResponseParser.m */; };
		D98C5DDE169886FA0084D92A /* OnlineAudio.m in Sources */ = {isa = PBXBuildFile; fileRef = D98C5DDD169886FA0084D92A /* OnlineAudio.m */; };
		D98C5DDF169886FA0084D92A /* OnlineAudio.m in Sources */ = {isa = PBXBuildFile; fileRef = D98C5DDD169886FA0084D92A /* OnlineAudio.m */; };
		D98C5DE8169888F10084D92A /* Mapping.m in Sources */ = {isa = PBXBuildFile; fileRef = D98C5DE7169888F10084D92A /* Mapping.m */; };
		D98C5DE9169888F10084D92A /* Mapping.m in Sources */ = {isa = PBXBuildFile; fileRef = D98C5DE7169888F10084D92A /* Mapping.m */; };
		D98C5E35169892D00084D92A /* MappingManager.m in Sources */ = {isa = PBXBuildFile; fileRef = D98C5E34169892D00084D92A /* MappingManager.m */; };
		D98C5E36169892D00084D92A /* MappingManager.m in Sources */ = {isa = PBXBuildFile; fileRef = D98C5E34169892D00084D92A /* MappingManager.m */; };
		D98C5E38169894ED0084D92A /* ResponseParserSpec.mm in Sources */ = {isa = PBXBuildFile; fileRef = D98C5E37169894ED0084D92A /* ResponseParserSpec.mm */; };
		D98C5E421698967C0084D92A /* NSDictionary+LoadFromJsonFile.m in Sources */ = {isa = PBXBuildFile; fileRef = D98C5E411698967C0084D92A /* NSDictionary+LoadFromJsonFile.m */; };
		D98C5E44169896A60084D92A /* AudioGetResponse in Resources */ = {isa = PBXBuildFile; fileRef = D98C5E43169896A60084D92A /* AudioGetResponse */; };
		D98C5EB91698C9A30084D92A /* SettingsViewController.m in Sources */ = {isa = PBXBuildFile; fileRef = D98C5EB71698C9A30084D92A /* SettingsViewController.m */; };
		D98C5EBA1698C9A30084D92A /* SettingsViewController.xib in Resources */ = {isa = PBXBuildFile; fileRef = D98C5EB81698C9A30084D92A /* SettingsViewController.xib */; };
		D98C5EBF1698C9D40084D92A /* PlaylistsViewController.m in Sources */ = {isa = PBXBuildFile; fileRef = D98C5EBD1698C9D40084D92A /* PlaylistsViewController.m */; };
		D98C5EC01698C9D40084D92A /* PlaylistsViewController.xib in Resources */ = {isa = PBXBuildFile; fileRef = D98C5EBE1698C9D40084D92A /* PlaylistsViewController.xib */; };
		D98F931816A2E46100E7DD1B /* CoreMedia.framework in Frameworks */ = {isa = PBXBuildFile; fileRef = D98F931716A2E46100E7DD1B /* CoreMedia.framework */; };
		D98F931916A2E46100E7DD1B /* CoreMedia.framework in Frameworks */ = {isa = PBXBuildFile; fileRef = D98F931716A2E46100E7DD1B /* CoreMedia.framework */; };
		D98F931D16A3542A00E7DD1B /* PlayerView.m in Sources */ = {isa = PBXBuildFile; fileRef = D98F931C16A3542A00E7DD1B /* PlayerView.m */; };
		D98F931E16A3542A00E7DD1B /* PlayerView.m in Sources */ = {isa = PBXBuildFile; fileRef = D98F931C16A3542A00E7DD1B /* PlayerView.m */; };
		D98F932316A3556D00E7DD1B /* AudioProgressView.m in Sources */ = {isa = PBXBuildFile; fileRef = D98F932216A3556D00E7DD1B /* AudioProgressView.m */; };
		D98F932416A3556D00E7DD1B /* AudioProgressView.m in Sources */ = {isa = PBXBuildFile; fileRef = D98F932216A3556D00E7DD1B /* AudioProgressView.m */; };
		D98F932716A35A7200E7DD1B /* AudioTitleView.m in Sources */ = {isa = PBXBuildFile; fileRef = D98F932616A35A7200E7DD1B /* AudioTitleView.m */; };
		D98F932816A35A7200E7DD1B /* AudioTitleView.m in Sources */ = {isa = PBXBuildFile; fileRef = D98F932616A35A7200E7DD1B /* AudioTitleView.m */; };
		D99538331696003800C8B6F4 /* SignInViewController.m in Sources */ = {isa = PBXBuildFile; fileRef = D99538311696003800C8B6F4 /* SignInViewController.m */; };
		D99538341696003800C8B6F4 /* SignInViewController.xib in Resources */ = {isa = PBXBuildFile; fileRef = D99538321696003800C8B6F4 /* SignInViewController.xib */; };
		D99538381696013100C8B6F4 /* ApiRequestSender.m in Sources */ = {isa = PBXBuildFile; fileRef = D99538371696013100C8B6F4 /* ApiRequestSender.m */; };
		D995383C16960E7100C8B6F4 /* NSURLRequestManager.m in Sources */ = {isa = PBXBuildFile; fileRef = D995383B16960E7100C8B6F4 /* NSURLRequestManager.m */; };
		D99538411696194A00C8B6F4 /* SettingsManager.m in Sources */ = {isa = PBXBuildFile; fileRef = D99538401696194A00C8B6F4 /* SettingsManager.m */; };
		D99538481696214000C8B6F4 /* OAuthResponse.m in Sources */ = {isa = PBXBuildFile; fileRef = D99538471696214000C8B6F4 /* OAuthResponse.m */; };
		D995384F1696289F00C8B6F4 /* UIKit.framework in Frameworks */ = {isa = PBXBuildFile; fileRef = D9258C251695F8F70072798B /* UIKit.framework */; };
		D99538501696289F00C8B6F4 /* Foundation.framework in Frameworks */ = {isa = PBXBuildFile; fileRef = D9258C271695F8F70072798B /* Foundation.framework */; };
		D99538511696289F00C8B6F4 /* CoreGraphics.framework in Frameworks */ = {isa = PBXBuildFile; fileRef = D9258C291695F8F70072798B /* CoreGraphics.framework */; };
		D99538571696289F00C8B6F4 /* InfoPlist.strings in Resources */ = {isa = PBXBuildFile; fileRef = D99538551696289F00C8B6F4 /* InfoPlist.strings */; };
		D99538591696289F00C8B6F4 /* main.m in Sources */ = {isa = PBXBuildFile; fileRef = D99538581696289F00C8B6F4 /* main.m */; };
		D995385F1696289F00C8B6F4 /* Default.png in Resources */ = {isa = PBXBuildFile; fileRef = D995385E1696289F00C8B6F4 /* Default.png */; };
		D99538611696289F00C8B6F4 /* Default@2x.png in Resources */ = {isa = PBXBuildFile; fileRef = D99538601696289F00C8B6F4 /* Default@2x.png */; };
		D99538631696289F00C8B6F4 /* Default-568h@2x.png in Resources */ = {isa = PBXBuildFile; fileRef = D99538621696289F00C8B6F4 /* Default-568h@2x.png */; };
		D99F9CA5169A153300735A31 /* EKFilesMemoryCache.m in Sources */ = {isa = PBXBuildFile; fileRef = D99F9CA2169A153300735A31 /* EKFilesMemoryCache.m */; settings = {COMPILER_FLAGS = "-fno-objc-arc"; }; };
		D99F9CA6169A153300735A31 /* EKFileOnDiskCache.m in Sources */ = {isa = PBXBuildFile; fileRef = D99F9CA4169A153300735A31 /* EKFileOnDiskCache.m */; settings = {COMPILER_FLAGS = "-fno-objc-arc"; }; };
		D99F9CAB169A154E00735A31 /* EKFileDownloader.m in Sources */ = {isa = PBXBuildFile; fileRef = D99F9CA9169A154E00735A31 /* EKFileDownloader.m */; settings = {COMPILER_FLAGS = "-fno-objc-arc"; }; };
		D99F9CAF169A16DA00735A31 /* OfflineAudioManager.m in Sources */ = {isa = PBXBuildFile; fileRef = D99F9CAE169A16DA00735A31 /* OfflineAudioManager.m */; };
		D99F9CB3169A1D7200735A31 /* NSString+Hash.m in Sources */ = {isa = PBXBuildFile; fileRef = D99F9CB2169A1D7200735A31 /* NSString+Hash.m */; };
		D99F9CBD169A232800735A31 /* AudioDownloaderAdapter.m in Sources */ = {isa = PBXBuildFile; fileRef = D99F9CBC169A232800735A31 /* AudioDownloaderAdapter.m */; };
		D9AC6F8116BEC3F900432CC1 /* AudioStorage.xcdatamodeld in Sources */ = {isa = PBXBuildFile; fileRef = D9AC6F7F16BEC3F900432CC1 /* AudioStorage.xcdatamodeld */; };
		D9AC6F8216BEC3F900432CC1 /* AudioStorage.xcdatamodeld in Sources */ = {isa = PBXBuildFile; fileRef = D9AC6F7F16BEC3F900432CC1 /* AudioStorage.xcdatamodeld */; };
		D9AF649A16C43338000DCF26 /* EKFileManager.m in Sources */ = {isa = PBXBuildFile; fileRef = D9AF649916C43338000DCF26 /* EKFileManager.m */; settings = {COMPILER_FLAGS = "-fno-objc-arc"; }; };
		D9AF64B016C5A287000DCF26 /* OfflineAudio.m in Sources */ = {isa = PBXBuildFile; fileRef = D9AF64AF16C5A287000DCF26 /* OfflineAudio.m */; };
		D9AF64B116C5A287000DCF26 /* OfflineAudio.m in Sources */ = {isa = PBXBuildFile; fileRef = D9AF64AF16C5A287000DCF26 /* OfflineAudio.m */; };
		D9AF64B416C5B21F000DCF26 /* AudioViewController.m in Sources */ = {isa = PBXBuildFile; fileRef = D9AF64B316C5B21F000DCF26 /* AudioViewController.m */; };
		D9AF64B516C5B21F000DCF26 /* AudioViewController.m in Sources */ = {isa = PBXBuildFile; fileRef = D9AF64B316C5B21F000DCF26 /* AudioViewController.m */; };
		D9B5F5BB16976C3B006E77D2 /* UsersAudioViewController.m in Sources */ = {isa = PBXBuildFile; fileRef = D9B5F5B916976C3B006E77D2 /* UsersAudioViewController.m */; };
		D9C4180616A20D770011F600 /* AudioPlayerSpec.mm in Sources */ = {isa = PBXBuildFile; fileRef = D9C4180516A20D770011F600 /* AudioPlayerSpec.mm */; };
		D9C4180916A20EB70011F600 /* NSObject+NotificationCenter.m in Sources */ = {isa = PBXBuildFile; fileRef = D9C4180816A20EB70011F600 /* NSObject+NotificationCenter.m */; };
		D9C4180A16A212790011F600 /* AudioPlayer.m in Sources */ = {isa = PBXBuildFile; fileRef = D9DC64791699BFF100E0D34B /* AudioPlayer.m */; };
		D9C4180B16A2130E0011F600 /* PlayerViewController.m in Sources */ = {isa = PBXBuildFile; fileRef = D9DC64701699AC5200E0D34B /* PlayerViewController.m */; };
		D9C4180C16A2130E0011F600 /* SavedViewController.m in Sources */ = {isa = PBXBuildFile; fileRef = D9DC646A16999DDC00E0D34B /* SavedViewController.m */; };
		D9C4180D16A2130E0011F600 /* UsersAudioViewController.m in Sources */ = {isa = PBXBuildFile; fileRef = D9B5F5B916976C3B006E77D2 /* UsersAudioViewController.m */; };
		D9C4180E16A2130E0011F600 /* PlaylistsViewController.m in Sources */ = {isa = PBXBuildFile; fileRef = D98C5EBD1698C9D40084D92A /* PlaylistsViewController.m */; };
		D9C4180F16A2130E0011F600 /* SearchViewController.m in Sources */ = {isa = PBXBuildFile; fileRef = D9DC646416999D5A00E0D34B /* SearchViewController.m */; };
		D9C4181016A2130E0011F600 /* SignInViewController.m in Sources */ = {isa = PBXBuildFile; fileRef = D99538311696003800C8B6F4 /* SignInViewController.m */; };
		D9C4181116A2130E0011F600 /* SettingsViewController.m in Sources */ = {isa = PBXBuildFile; fileRef = D98C5EB71698C9A30084D92A /* SettingsViewController.m */; };
		D9C4181216A2130E0011F600 /* ApiRequestSender.m in Sources */ = {isa = PBXBuildFile; fileRef = D99538371696013100C8B6F4 /* ApiRequestSender.m */; };
		D9C4181316A2130E0011F600 /* NSString+Hash.m in Sources */ = {isa = PBXBuildFile; fileRef = D99F9CB2169A1D7200735A31 /* NSString+Hash.m */; };
		D9C4181416A2130E0011F600 /* NSObject+NotificationCenter.m in Sources */ = {isa = PBXBuildFile; fileRef = D9C4180816A20EB70011F600 /* NSObject+NotificationCenter.m */; };
		D9C4181516A2130E0011F600 /* OfflineAudioManager.m in Sources */ = {isa = PBXBuildFile; fileRef = D99F9CAE169A16DA00735A31 /* OfflineAudioManager.m */; };
		D9C4181616A2130E0011F600 /* AudioDownloaderAdapter.m in Sources */ = {isa = PBXBuildFile; fileRef = D99F9CBC169A232800735A31 /* AudioDownloaderAdapter.m */; };
		D9C4181716A2130E0011F600 /* EKFileDownloader.m in Sources */ = {isa = PBXBuildFile; fileRef = D99F9CA9169A154E00735A31 /* EKFileDownloader.m */; settings = {COMPILER_FLAGS = "-fno-objc-arc"; }; };
		D9C4181816A2130E0011F600 /* SettingsManager.m in Sources */ = {isa = PBXBuildFile; fileRef = D99538401696194A00C8B6F4 /* SettingsManager.m */; };
		D9C4181916A213630011F600 /* EKFilesMemoryCache.m in Sources */ = {isa = PBXBuildFile; fileRef = D99F9CA2169A153300735A31 /* EKFilesMemoryCache.m */; settings = {COMPILER_FLAGS = "-fno-objc-arc"; }; };
		D9C4181A16A213630011F600 /* EKFileOnDiskCache.m in Sources */ = {isa = PBXBuildFile; fileRef = D99F9CA4169A153300735A31 /* EKFileOnDiskCache.m */; settings = {COMPILER_FLAGS = "-fno-objc-arc"; }; };
		D9C4181B16A213790011F600 /* AVFoundation.framework in Frameworks */ = {isa = PBXBuildFile; fileRef = D9DC647B1699C0B800E0D34B /* AVFoundation.framework */; };
		D9DC646616999D5A00E0D34B /* SearchViewController.m in Sources */ = {isa = PBXBuildFile; fileRef = D9DC646416999D5A00E0D34B /* SearchViewController.m */; };
		D9DC646716999D5A00E0D34B /* SearchViewController.xib in Resources */ = {isa = PBXBuildFile; fileRef = D9DC646516999D5A00E0D34B /* SearchViewController.xib */; };
		D9DC646C16999DDC00E0D34B /* SavedViewController.m in Sources */ = {isa = PBXBuildFile; fileRef = D9DC646A16999DDC00E0D34B /* SavedViewController.m */; };
		D9DC646D16999DDC00E0D34B /* AudioViewController.xib in Resources */ = {isa = PBXBuildFile; fileRef = D9DC646B16999DDC00E0D34B /* AudioViewController.xib */; };
		D9DC64721699AC5200E0D34B /* PlayerViewController.m in Sources */ = {isa = PBXBuildFile; fileRef = D9DC64701699AC5200E0D34B /* PlayerViewController.m */; };
		D9DC64731699AC5200E0D34B /* PlayerViewController.xib in Resources */ = {isa = PBXBuildFile; fileRef = D9DC64711699AC5200E0D34B /* PlayerViewController.xib */; };
		D9DC647A1699BFF100E0D34B /* AudioPlayer.m in Sources */ = {isa = PBXBuildFile; fileRef = D9DC64791699BFF100E0D34B /* AudioPlayer.m */; };
		D9DC647C1699C0B800E0D34B /* AVFoundation.framework in Frameworks */ = {isa = PBXBuildFile; fileRef = D9DC647B1699C0B800E0D34B /* AVFoundation.framework */; };
		D9EB732716CADF9A003413FC /* AudioSessionConfigurator.m in Sources */ = {isa = PBXBuildFile; fileRef = D9EB732616CADF9A003413FC /* AudioSessionConfigurator.m */; };
		D9EB732816CADF9A003413FC /* AudioSessionConfigurator.m in Sources */ = {isa = PBXBuildFile; fileRef = D9EB732616CADF9A003413FC /* AudioSessionConfigurator.m */; };
		D9EB732A16CC2FB7003413FC /* AudioToolbox.framework in Frameworks */ = {isa = PBXBuildFile; fileRef = D9EB732916CC2FB7003413FC /* AudioToolbox.framework */; };
		D9EB732B16CC2FB7003413FC /* AudioToolbox.framework in Frameworks */ = {isa = PBXBuildFile; fileRef = D9EB732916CC2FB7003413FC /* AudioToolbox.framework */; };
		F0F4C3590C1148909D9A7751 /* libPods-VKMusic-UnitTests.a in Frameworks */ = {isa = PBXBuildFile; fileRef = 280EA9A2240043DB953DAF58 /* libPods-VKMusic-UnitTests.a */; };
/* End PBXBuildFile section */

/* Begin PBXFileReference section */
		0CB5601261D84360B6711408 /* libPods.a */ = {isa = PBXFileReference; explicitFileType = archive.ar; includeInIndex = 0; path = libPods.a; sourceTree = BUILT_PRODUCTS_DIR; };
		2751EC8D6FBA4A1FA1E3AA2F /* Pods-VKMusic-UnitTests.xcconfig */ = {isa = PBXFileReference; includeInIndex = 1; lastKnownFileType = text.xcconfig; name = "Pods-VKMusic-UnitTests.xcconfig"; path = "Pods/Pods-VKMusic-UnitTests.xcconfig"; sourceTree = SOURCE_ROOT; };
		280EA9A2240043DB953DAF58 /* libPods-VKMusic-UnitTests.a */ = {isa = PBXFileReference; explicitFileType = archive.ar; includeInIndex = 0; path = "libPods-VKMusic-UnitTests.a"; sourceTree = BUILT_PRODUCTS_DIR; };
		9ADA439328B2446EB6F522D5 /* Pods.xcconfig */ = {isa = PBXFileReference; includeInIndex = 1; lastKnownFileType = text.xcconfig; name = Pods.xcconfig; path = Pods/Pods.xcconfig; sourceTree = SOURCE_ROOT; };
		D9174FED16CE5AAB00E1D735 /* GetAlbumsResponse */ = {isa = PBXFileReference; fileEncoding = 4; lastKnownFileType = text; path = GetAlbumsResponse; sourceTree = "<group>"; };
		D9174FF216CE647700E1D735 /* AudioGetApiRequestSenderSpec.m */ = {isa = PBXFileReference; fileEncoding = 4; lastKnownFileType = sourcecode.c.objc; path = AudioGetApiRequestSenderSpec.m; sourceTree = "<group>"; };
		D91750F516C99D5E00A00448 /* AudioGetApiRequest.h */ = {isa = PBXFileReference; fileEncoding = 4; lastKnownFileType = sourcecode.c.h; path = AudioGetApiRequest.h; sourceTree = "<group>"; };
		D91750F616C99D5E00A00448 /* AudioGetApiRequest.m */ = {isa = PBXFileReference; fileEncoding = 4; lastKnownFileType = sourcecode.c.objc; path = AudioGetApiRequest.m; sourceTree = "<group>"; };
		D91750F916C9A5AE00A00448 /* UsersAudioViewController.xib */ = {isa = PBXFileReference; fileEncoding = 4; lastKnownFileType = file.xib; path = UsersAudioViewController.xib; sourceTree = "<group>"; };
		D91750FC16C9A65300A00448 /* SavedViewController.xib */ = {isa = PBXFileReference; fileEncoding = 4; lastKnownFileType = file.xib; path = SavedViewController.xib; sourceTree = "<group>"; };
		D9258C211695F8F70072798B /* VKMusic.app */ = {isa = PBXFileReference; explicitFileType = wrapper.application; includeInIndex = 0; path = VKMusic.app; sourceTree = BUILT_PRODUCTS_DIR; };
		D9258C251695F8F70072798B /* UIKit.framework */ = {isa = PBXFileReference; includeInIndex = 1; lastKnownFileType = wrapper.framework; name = UIKit.framework; path = System/Library/Frameworks/UIKit.framework; sourceTree = SDKROOT; };
		D9258C271695F8F70072798B /* Foundation.framework */ = {isa = PBXFileReference; includeInIndex = 1; lastKnownFileType = wrapper.framework; name = Foundation.framework; path = System/Library/Frameworks/Foundation.framework; sourceTree = SDKROOT; };
		D9258C291695F8F70072798B /* CoreGraphics.framework */ = {isa = PBXFileReference; includeInIndex = 1; lastKnownFileType = wrapper.framework; name = CoreGraphics.framework; path = System/Library/Frameworks/CoreGraphics.framework; sourceTree = SDKROOT; };
		D9258C2D1695F8F70072798B /* VKMusic-Info.plist */ = {isa = PBXFileReference; lastKnownFileType = text.plist.xml; path = "VKMusic-Info.plist"; sourceTree = "<group>"; };
		D9258C2F1695F8F70072798B /* en */ = {isa = PBXFileReference; lastKnownFileType = text.plist.strings; name = en; path = en.lproj/InfoPlist.strings; sourceTree = "<group>"; };
		D9258C311695F8F70072798B /* main.m */ = {isa = PBXFileReference; lastKnownFileType = sourcecode.c.objc; path = main.m; sourceTree = "<group>"; };
		D9258C331695F8F70072798B /* VKMusic-Prefix.pch */ = {isa = PBXFileReference; lastKnownFileType = sourcecode.c.h; path = "VKMusic-Prefix.pch"; sourceTree = "<group>"; };
		D9258C341695F8F70072798B /* AppDelegate.h */ = {isa = PBXFileReference; lastKnownFileType = sourcecode.c.h; path = AppDelegate.h; sourceTree = "<group>"; };
		D9258C351695F8F70072798B /* AppDelegate.m */ = {isa = PBXFileReference; lastKnownFileType = sourcecode.c.objc; path = AppDelegate.m; sourceTree = "<group>"; };
		D9258C371695F8F70072798B /* Default.png */ = {isa = PBXFileReference; lastKnownFileType = image.png; path = Default.png; sourceTree = "<group>"; };
		D9258C391695F8F70072798B /* Default@2x.png */ = {isa = PBXFileReference; lastKnownFileType = image.png; path = "Default@2x.png"; sourceTree = "<group>"; };
		D9258C3B1695F8F70072798B /* Default-568h@2x.png */ = {isa = PBXFileReference; lastKnownFileType = image.png; path = "Default-568h@2x.png"; sourceTree = "<group>"; };
		D94BD72E16CD6A9D00CC9891 /* AlbumsGetApiRequest.h */ = {isa = PBXFileReference; fileEncoding = 4; lastKnownFileType = sourcecode.c.h; path = AlbumsGetApiRequest.h; sourceTree = "<group>"; };
		D94BD72F16CD6A9D00CC9891 /* AlbumsGetApiRequest.m */ = {isa = PBXFileReference; fileEncoding = 4; lastKnownFileType = sourcecode.c.objc; path = AlbumsGetApiRequest.m; sourceTree = "<group>"; };
		D957D6CE16962BEE001F352B /* OAuthResponseSpec.mm */ = {isa = PBXFileReference; fileEncoding = 4; lastKnownFileType = sourcecode.cpp.objcpp; path = OAuthResponseSpec.mm; sourceTree = "<group>"; };
		D98C552016B4112C002536EF /* NSString+TimeFormatting.h */ = {isa = PBXFileReference; fileEncoding = 4; lastKnownFileType = sourcecode.c.h; path = "NSString+TimeFormatting.h"; sourceTree = "<group>"; };
		D98C552116B4112C002536EF /* NSString+TimeFormatting.m */ = {isa = PBXFileReference; fileEncoding = 4; lastKnownFileType = sourcecode.c.objc; path = "NSString+TimeFormatting.m"; sourceTree = "<group>"; };
		D98C552516B41168002536EF /* NSStringExtensionsSpec.mm */ = {isa = PBXFileReference; fileEncoding = 4; lastKnownFileType = sourcecode.cpp.objcpp; path = NSStringExtensionsSpec.mm; sourceTree = "<group>"; };
		D98C552816B4474B002536EF /* AudioCell.h */ = {isa = PBXFileReference; fileEncoding = 4; lastKnownFileType = sourcecode.c.h; path = AudioCell.h; sourceTree = "<group>"; };
		D98C552916B4474B002536EF /* AudioCell.m */ = {isa = PBXFileReference; fileEncoding = 4; lastKnownFileType = sourcecode.c.objc; path = AudioCell.m; sourceTree = "<group>"; };
		D98C552C16B4476D002536EF /* AudioCell.xib */ = {isa = PBXFileReference; fileEncoding = 4; lastKnownFileType = file.xib; path = AudioCell.xib; sourceTree = "<group>"; };
		D98C553816B4519F002536EF /* UITableView+CellCreation.h */ = {isa = PBXFileReference; fileEncoding = 4; lastKnownFileType = sourcecode.c.h; path = "UITableView+CellCreation.h"; sourceTree = "<group>"; };
		D98C553916B4519F002536EF /* UITableView+CellCreation.m */ = {isa = PBXFileReference; fileEncoding = 4; lastKnownFileType = sourcecode.c.objc; path = "UITableView+CellCreation.m"; sourceTree = "<group>"; };
		D98C5DCE169864660084D92A /* NSURLRequestManagerSpec.mm */ = {isa = PBXFileReference; fileEncoding = 4; lastKnownFileType = sourcecode.cpp.objcpp; path = NSURLRequestManagerSpec.mm; sourceTree = "<group>"; };
		D98C5DD2169883510084D92A /* MobileCoreServices.framework */ = {isa = PBXFileReference; lastKnownFileType = wrapper.framework; name = MobileCoreServices.framework; path = System/Library/Frameworks/MobileCoreServices.framework; sourceTree = SDKROOT; };
		D98C5DD3169883510084D92A /* SystemConfiguration.framework */ = {isa = PBXFileReference; lastKnownFileType = wrapper.framework; name = SystemConfiguration.framework; path = System/Library/Frameworks/SystemConfiguration.framework; sourceTree = SDKROOT; };
		D98C5DD8169885D30084D92A /* ResponseParser.h */ = {isa = PBXFileReference; fileEncoding = 4; lastKnownFileType = sourcecode.c.h; path = ResponseParser.h; sourceTree = "<group>"; };
		D98C5DD9169885D30084D92A /* ResponseParser.m */ = {isa = PBXFileReference; fileEncoding = 4; lastKnownFileType = sourcecode.c.objc; path = ResponseParser.m; sourceTree = "<group>"; };
		D98C5DDC169886FA0084D92A /* OnlineAudio.h */ = {isa = PBXFileReference; fileEncoding = 4; lastKnownFileType = sourcecode.c.h; path = OnlineAudio.h; sourceTree = "<group>"; };
		D98C5DDD169886FA0084D92A /* OnlineAudio.m */ = {isa = PBXFileReference; fileEncoding = 4; lastKnownFileType = sourcecode.c.objc; path = OnlineAudio.m; sourceTree = "<group>"; };
		D98C5DE6169888F10084D92A /* Mapping.h */ = {isa = PBXFileReference; fileEncoding = 4; lastKnownFileType = sourcecode.c.h; path = Mapping.h; sourceTree = "<group>"; };
		D98C5DE7169888F10084D92A /* Mapping.m */ = {isa = PBXFileReference; fileEncoding = 4; lastKnownFileType = sourcecode.c.objc; path = Mapping.m; sourceTree = "<group>"; };
		D98C5E33169892D00084D92A /* MappingManager.h */ = {isa = PBXFileReference; fileEncoding = 4; lastKnownFileType = sourcecode.c.h; path = MappingManager.h; sourceTree = "<group>"; };
		D98C5E34169892D00084D92A /* MappingManager.m */ = {isa = PBXFileReference; fileEncoding = 4; lastKnownFileType = sourcecode.c.objc; path = MappingManager.m; sourceTree = "<group>"; };
		D98C5E37169894ED0084D92A /* ResponseParserSpec.mm */ = {isa = PBXFileReference; fileEncoding = 4; lastKnownFileType = sourcecode.cpp.objcpp; path = ResponseParserSpec.mm; sourceTree = "<group>"; };
		D98C5E401698967C0084D92A /* NSDictionary+LoadFromJsonFile.h */ = {isa = PBXFileReference; fileEncoding = 4; lastKnownFileType = sourcecode.c.h; path = "NSDictionary+LoadFromJsonFile.h"; sourceTree = "<group>"; };
		D98C5E411698967C0084D92A /* NSDictionary+LoadFromJsonFile.m */ = {isa = PBXFileReference; fileEncoding = 4; lastKnownFileType = sourcecode.c.objc; path = "NSDictionary+LoadFromJsonFile.m"; sourceTree = "<group>"; };
		D98C5E43169896A60084D92A /* AudioGetResponse */ = {isa = PBXFileReference; fileEncoding = 4; lastKnownFileType = text; path = AudioGetResponse; sourceTree = "<group>"; };
		D98C5EB61698C9A30084D92A /* SettingsViewController.h */ = {isa = PBXFileReference; fileEncoding = 4; lastKnownFileType = sourcecode.c.h; path = SettingsViewController.h; sourceTree = "<group>"; };
		D98C5EB71698C9A30084D92A /* SettingsViewController.m */ = {isa = PBXFileReference; fileEncoding = 4; lastKnownFileType = sourcecode.c.objc; path = SettingsViewController.m; sourceTree = "<group>"; };
		D98C5EB81698C9A30084D92A /* SettingsViewController.xib */ = {isa = PBXFileReference; fileEncoding = 4; lastKnownFileType = file.xib; path = SettingsViewController.xib; sourceTree = "<group>"; };
		D98C5EBC1698C9D40084D92A /* PlaylistsViewController.h */ = {isa = PBXFileReference; fileEncoding = 4; lastKnownFileType = sourcecode.c.h; path = PlaylistsViewController.h; sourceTree = "<group>"; };
		D98C5EBD1698C9D40084D92A /* PlaylistsViewController.m */ = {isa = PBXFileReference; fileEncoding = 4; lastKnownFileType = sourcecode.c.objc; path = PlaylistsViewController.m; sourceTree = "<group>"; };
		D98C5EBE1698C9D40084D92A /* PlaylistsViewController.xib */ = {isa = PBXFileReference; fileEncoding = 4; lastKnownFileType = file.xib; path = PlaylistsViewController.xib; sourceTree = "<group>"; };
		D98F931716A2E46100E7DD1B /* CoreMedia.framework */ = {isa = PBXFileReference; lastKnownFileType = wrapper.framework; name = CoreMedia.framework; path = System/Library/Frameworks/CoreMedia.framework; sourceTree = SDKROOT; };
		D98F931B16A3542A00E7DD1B /* PlayerView.h */ = {isa = PBXFileReference; fileEncoding = 4; lastKnownFileType = sourcecode.c.h; path = PlayerView.h; sourceTree = "<group>"; };
		D98F931C16A3542A00E7DD1B /* PlayerView.m */ = {isa = PBXFileReference; fileEncoding = 4; lastKnownFileType = sourcecode.c.objc; path = PlayerView.m; sourceTree = "<group>"; };
		D98F932116A3556D00E7DD1B /* AudioProgressView.h */ = {isa = PBXFileReference; fileEncoding = 4; lastKnownFileType = sourcecode.c.h; path = AudioProgressView.h; sourceTree = "<group>"; };
		D98F932216A3556D00E7DD1B /* AudioProgressView.m */ = {isa = PBXFileReference; fileEncoding = 4; lastKnownFileType = sourcecode.c.objc; path = AudioProgressView.m; sourceTree = "<group>"; };
		D98F932516A35A7200E7DD1B /* AudioTitleView.h */ = {isa = PBXFileReference; fileEncoding = 4; lastKnownFileType = sourcecode.c.h; path = AudioTitleView.h; sourceTree = "<group>"; };
		D98F932616A35A7200E7DD1B /* AudioTitleView.m */ = {isa = PBXFileReference; fileEncoding = 4; lastKnownFileType = sourcecode.c.objc; path = AudioTitleView.m; sourceTree = "<group>"; };
		D99538301696003800C8B6F4 /* SignInViewController.h */ = {isa = PBXFileReference; fileEncoding = 4; lastKnownFileType = sourcecode.c.h; path = SignInViewController.h; sourceTree = "<group>"; };
		D99538311696003800C8B6F4 /* SignInViewController.m */ = {isa = PBXFileReference; fileEncoding = 4; lastKnownFileType = sourcecode.c.objc; path = SignInViewController.m; sourceTree = "<group>"; };
		D99538321696003800C8B6F4 /* SignInViewController.xib */ = {isa = PBXFileReference; fileEncoding = 4; lastKnownFileType = file.xib; path = SignInViewController.xib; sourceTree = "<group>"; };
		D99538361696013100C8B6F4 /* ApiRequestSender.h */ = {isa = PBXFileReference; fileEncoding = 4; lastKnownFileType = sourcecode.c.h; path = ApiRequestSender.h; sourceTree = "<group>"; };
		D99538371696013100C8B6F4 /* ApiRequestSender.m */ = {isa = PBXFileReference; fileEncoding = 4; lastKnownFileType = sourcecode.c.objc; path = ApiRequestSender.m; sourceTree = "<group>"; };
		D99538391696046100C8B6F4 /* ApiRequestConstants.h */ = {isa = PBXFileReference; fileEncoding = 4; lastKnownFileType = sourcecode.c.h; path = ApiRequestConstants.h; sourceTree = "<group>"; };
		D995383A16960E7100C8B6F4 /* NSURLRequestManager.h */ = {isa = PBXFileReference; fileEncoding = 4; lastKnownFileType = sourcecode.c.h; path = NSURLRequestManager.h; sourceTree = "<group>"; };
		D995383B16960E7100C8B6F4 /* NSURLRequestManager.m */ = {isa = PBXFileReference; fileEncoding = 4; lastKnownFileType = sourcecode.c.objc; path = NSURLRequestManager.m; sourceTree = "<group>"; };
		D995383F1696194A00C8B6F4 /* SettingsManager.h */ = {isa = PBXFileReference; fileEncoding = 4; lastKnownFileType = sourcecode.c.h; path = SettingsManager.h; sourceTree = "<group>"; };
		D99538401696194A00C8B6F4 /* SettingsManager.m */ = {isa = PBXFileReference; fileEncoding = 4; lastKnownFileType = sourcecode.c.objc; path = SettingsManager.m; sourceTree = "<group>"; };
		D99538461696214000C8B6F4 /* OAuthResponse.h */ = {isa = PBXFileReference; fileEncoding = 4; lastKnownFileType = sourcecode.c.h; path = OAuthResponse.h; sourceTree = "<group>"; };
		D99538471696214000C8B6F4 /* OAuthResponse.m */ = {isa = PBXFileReference; fileEncoding = 4; lastKnownFileType = sourcecode.c.objc; path = OAuthResponse.m; sourceTree = "<group>"; };
		D995384D1696289F00C8B6F4 /* VKMusic-UnitTests.app */ = {isa = PBXFileReference; explicitFileType = wrapper.application; includeInIndex = 0; path = "VKMusic-UnitTests.app"; sourceTree = BUILT_PRODUCTS_DIR; };
		D99538541696289F00C8B6F4 /* VKMusic-UnitTests-Info.plist */ = {isa = PBXFileReference; lastKnownFileType = text.plist.xml; path = "VKMusic-UnitTests-Info.plist"; sourceTree = "<group>"; };
		D99538561696289F00C8B6F4 /* en */ = {isa = PBXFileReference; lastKnownFileType = text.plist.strings; name = en; path = en.lproj/InfoPlist.strings; sourceTree = "<group>"; };
		D99538581696289F00C8B6F4 /* main.m */ = {isa = PBXFileReference; lastKnownFileType = sourcecode.c.objc; path = main.m; sourceTree = "<group>"; };
		D995385A1696289F00C8B6F4 /* VKMusic-UnitTests-Prefix.pch */ = {isa = PBXFileReference; lastKnownFileType = sourcecode.c.h; path = "VKMusic-UnitTests-Prefix.pch"; sourceTree = "<group>"; };
		D995385E1696289F00C8B6F4 /* Default.png */ = {isa = PBXFileReference; lastKnownFileType = image.png; path = Default.png; sourceTree = "<group>"; };
		D99538601696289F00C8B6F4 /* Default@2x.png */ = {isa = PBXFileReference; lastKnownFileType = image.png; path = "Default@2x.png"; sourceTree = "<group>"; };
		D99538621696289F00C8B6F4 /* Default-568h@2x.png */ = {isa = PBXFileReference; lastKnownFileType = image.png; path = "Default-568h@2x.png"; sourceTree = "<group>"; };
		D99F9CA0169A153300735A31 /* EKFileCache.h */ = {isa = PBXFileReference; fileEncoding = 4; lastKnownFileType = sourcecode.c.h; path = EKFileCache.h; sourceTree = "<group>"; };
		D99F9CA1169A153300735A31 /* EKFilesMemoryCache.h */ = {isa = PBXFileReference; fileEncoding = 4; lastKnownFileType = sourcecode.c.h; path = EKFilesMemoryCache.h; sourceTree = "<group>"; };
		D99F9CA2169A153300735A31 /* EKFilesMemoryCache.m */ = {isa = PBXFileReference; fileEncoding = 4; lastKnownFileType = sourcecode.c.objc; path = EKFilesMemoryCache.m; sourceTree = "<group>"; };
		D99F9CA3169A153300735A31 /* EKFileOnDiskCache.h */ = {isa = PBXFileReference; fileEncoding = 4; lastKnownFileType = sourcecode.c.h; path = EKFileOnDiskCache.h; sourceTree = "<group>"; };
		D99F9CA4169A153300735A31 /* EKFileOnDiskCache.m */ = {isa = PBXFileReference; fileEncoding = 4; lastKnownFileType = sourcecode.c.objc; path = EKFileOnDiskCache.m; sourceTree = "<group>"; };
		D99F9CA8169A154E00735A31 /* EKFileDownloader.h */ = {isa = PBXFileReference; fileEncoding = 4; lastKnownFileType = sourcecode.c.h; path = EKFileDownloader.h; sourceTree = "<group>"; };
		D99F9CA9169A154E00735A31 /* EKFileDownloader.m */ = {isa = PBXFileReference; fileEncoding = 4; lastKnownFileType = sourcecode.c.objc; path = EKFileDownloader.m; sourceTree = "<group>"; };
		D99F9CAD169A16DA00735A31 /* OfflineAudioManager.h */ = {isa = PBXFileReference; fileEncoding = 4; lastKnownFileType = sourcecode.c.h; path = OfflineAudioManager.h; sourceTree = "<group>"; };
		D99F9CAE169A16DA00735A31 /* OfflineAudioManager.m */ = {isa = PBXFileReference; fileEncoding = 4; lastKnownFileType = sourcecode.c.objc; path = OfflineAudioManager.m; sourceTree = "<group>"; };
		D99F9CB1169A1D7200735A31 /* NSString+Hash.h */ = {isa = PBXFileReference; fileEncoding = 4; lastKnownFileType = sourcecode.c.h; path = "NSString+Hash.h"; sourceTree = "<group>"; };
		D99F9CB2169A1D7200735A31 /* NSString+Hash.m */ = {isa = PBXFileReference; fileEncoding = 4; lastKnownFileType = sourcecode.c.objc; path = "NSString+Hash.m"; sourceTree = "<group>"; };
		D99F9CBB169A232800735A31 /* AudioDownloaderAdapter.h */ = {isa = PBXFileReference; fileEncoding = 4; lastKnownFileType = sourcecode.c.h; path = AudioDownloaderAdapter.h; sourceTree = "<group>"; };
		D99F9CBC169A232800735A31 /* AudioDownloaderAdapter.m */ = {isa = PBXFileReference; fileEncoding = 4; lastKnownFileType = sourcecode.c.objc; path = AudioDownloaderAdapter.m; sourceTree = "<group>"; };
		D9AC6F8016BEC3F900432CC1 /* AudioStorage.xcdatamodel */ = {isa = PBXFileReference; lastKnownFileType = wrapper.xcdatamodel; path = AudioStorage.xcdatamodel; sourceTree = "<group>"; };
		D9AC6F8816BEDE7F00432CC1 /* Audio.h */ = {isa = PBXFileReference; fileEncoding = 4; lastKnownFileType = sourcecode.c.h; path = Audio.h; sourceTree = "<group>"; };
		D9AC6F8E16BEFF1C00432CC1 /* EKFileDownloaderDelegate.h */ = {isa = PBXFileReference; fileEncoding = 4; lastKnownFileType = sourcecode.c.h; path = EKFileDownloaderDelegate.h; sourceTree = "<group>"; };
		D9AC6F9316BF0CE500432CC1 /* AudioDownloaderDelegate.h */ = {isa = PBXFileReference; fileEncoding = 4; lastKnownFileType = sourcecode.c.h; path = AudioDownloaderDelegate.h; sourceTree = "<group>"; };
		D9AF649816C43338000DCF26 /* EKFileManager.h */ = {isa = PBXFileReference; fileEncoding = 4; lastKnownFileType = sourcecode.c.h; path = EKFileManager.h; sourceTree = "<group>"; };
		D9AF649916C43338000DCF26 /* EKFileManager.m */ = {isa = PBXFileReference; fileEncoding = 4; lastKnownFileType = sourcecode.c.objc; path = EKFileManager.m; sourceTree = "<group>"; };
		D9AF64AE16C5A287000DCF26 /* OfflineAudio.h */ = {isa = PBXFileReference; fileEncoding = 4; lastKnownFileType = sourcecode.c.h; name = OfflineAudio.h; path = ../OfflineAudio.h; sourceTree = "<group>"; };
		D9AF64AF16C5A287000DCF26 /* OfflineAudio.m */ = {isa = PBXFileReference; fileEncoding = 4; lastKnownFileType = sourcecode.c.objc; name = OfflineAudio.m; path = ../OfflineAudio.m; sourceTree = "<group>"; };
		D9AF64B216C5B21F000DCF26 /* AudioViewController.h */ = {isa = PBXFileReference; fileEncoding = 4; lastKnownFileType = sourcecode.c.h; path = AudioViewController.h; sourceTree = "<group>"; };
		D9AF64B316C5B21F000DCF26 /* AudioViewController.m */ = {isa = PBXFileReference; fileEncoding = 4; lastKnownFileType = sourcecode.c.objc; path = AudioViewController.m; sourceTree = "<group>"; };
		D9B5F5B816976C3B006E77D2 /* UsersAudioViewController.h */ = {isa = PBXFileReference; fileEncoding = 4; lastKnownFileType = sourcecode.c.h; path = UsersAudioViewController.h; sourceTree = "<group>"; };
		D9B5F5B916976C3B006E77D2 /* UsersAudioViewController.m */ = {isa = PBXFileReference; fileEncoding = 4; lastKnownFileType = sourcecode.c.objc; path = UsersAudioViewController.m; sourceTree = "<group>"; };
		D9B5F5BD16976D75006E77D2 /* ApplicationConstants.h */ = {isa = PBXFileReference; fileEncoding = 4; lastKnownFileType = sourcecode.c.h; path = ApplicationConstants.h; sourceTree = "<group>"; };
		D9C4180516A20D770011F600 /* AudioPlayerSpec.mm */ = {isa = PBXFileReference; fileEncoding = 4; lastKnownFileType = sourcecode.cpp.objcpp; path = AudioPlayerSpec.mm; sourceTree = "<group>"; };
		D9C4180716A20EB70011F600 /* NSObject+NotificationCenter.h */ = {isa = PBXFileReference; fileEncoding = 4; lastKnownFileType = sourcecode.c.h; path = "NSObject+NotificationCenter.h"; sourceTree = "<group>"; };
		D9C4180816A20EB70011F600 /* NSObject+NotificationCenter.m */ = {isa = PBXFileReference; fileEncoding = 4; lastKnownFileType = sourcecode.c.objc; path = "NSObject+NotificationCenter.m"; sourceTree = "<group>"; };
		D9DC646316999D5A00E0D34B /* SearchViewController.h */ = {isa = PBXFileReference; fileEncoding = 4; lastKnownFileType = sourcecode.c.h; path = SearchViewController.h; sourceTree = "<group>"; };
		D9DC646416999D5A00E0D34B /* SearchViewController.m */ = {isa = PBXFileReference; fileEncoding = 4; lastKnownFileType = sourcecode.c.objc; path = SearchViewController.m; sourceTree = "<group>"; };
		D9DC646516999D5A00E0D34B /* SearchViewController.xib */ = {isa = PBXFileReference; fileEncoding = 4; lastKnownFileType = file.xib; path = SearchViewController.xib; sourceTree = "<group>"; };
		D9DC646916999DDC00E0D34B /* SavedViewController.h */ = {isa = PBXFileReference; fileEncoding = 4; lastKnownFileType = sourcecode.c.h; path = SavedViewController.h; sourceTree = "<group>"; };
		D9DC646A16999DDC00E0D34B /* SavedViewController.m */ = {isa = PBXFileReference; fileEncoding = 4; lastKnownFileType = sourcecode.c.objc; path = SavedViewController.m; sourceTree = "<group>"; };
		D9DC646B16999DDC00E0D34B /* AudioViewController.xib */ = {isa = PBXFileReference; fileEncoding = 4; lastKnownFileType = file.xib; path = AudioViewController.xib; sourceTree = "<group>"; };
		D9DC646F1699AC5200E0D34B /* PlayerViewController.h */ = {isa = PBXFileReference; fileEncoding = 4; lastKnownFileType = sourcecode.c.h; path = PlayerViewController.h; sourceTree = "<group>"; };
		D9DC64701699AC5200E0D34B /* PlayerViewController.m */ = {isa = PBXFileReference; fileEncoding = 4; lastKnownFileType = sourcecode.c.objc; path = PlayerViewController.m; sourceTree = "<group>"; };
		D9DC64711699AC5200E0D34B /* PlayerViewController.xib */ = {isa = PBXFileReference; fileEncoding = 4; lastKnownFileType = file.xib; path = PlayerViewController.xib; sourceTree = "<group>"; };
		D9DC64781699BFF100E0D34B /* AudioPlayer.h */ = {isa = PBXFileReference; fileEncoding = 4; lastKnownFileType = sourcecode.c.h; path = AudioPlayer.h; sourceTree = "<group>"; };
		D9DC64791699BFF100E0D34B /* AudioPlayer.m */ = {isa = PBXFileReference; fileEncoding = 4; lastKnownFileType = sourcecode.c.objc; path = AudioPlayer.m; sourceTree = "<group>"; };
		D9DC647B1699C0B800E0D34B /* AVFoundation.framework */ = {isa = PBXFileReference; lastKnownFileType = wrapper.framework; name = AVFoundation.framework; path = System/Library/Frameworks/AVFoundation.framework; sourceTree = SDKROOT; };
		D9EB732516CADF9A003413FC /* AudioSessionConfigurator.h */ = {isa = PBXFileReference; fileEncoding = 4; lastKnownFileType = sourcecode.c.h; path = AudioSessionConfigurator.h; sourceTree = "<group>"; };
		D9EB732616CADF9A003413FC /* AudioSessionConfigurator.m */ = {isa = PBXFileReference; fileEncoding = 4; lastKnownFileType = sourcecode.c.objc; path = AudioSessionConfigurator.m; sourceTree = "<group>"; };
		D9EB732916CC2FB7003413FC /* AudioToolbox.framework */ = {isa = PBXFileReference; lastKnownFileType = wrapper.framework; name = AudioToolbox.framework; path = System/Library/Frameworks/AudioToolbox.framework; sourceTree = SDKROOT; };
/* End PBXFileReference section */

/* Begin PBXFrameworksBuildPhase section */
		D9258C1E1695F8F70072798B /* Frameworks */ = {
			isa = PBXFrameworksBuildPhase;
			buildActionMask = 2147483647;
			files = (
				D9258C261695F8F70072798B /* UIKit.framework in Frameworks */,
				D9258C281695F8F70072798B /* Foundation.framework in Frameworks */,
				D9258C2A1695F8F70072798B /* CoreGraphics.framework in Frameworks */,
				07F29BD556D94D2BBFDE0DC7 /* libPods.a in Frameworks */,
				D98C5DD4169883510084D92A /* MobileCoreServices.framework in Frameworks */,
				D98C5DD6169883510084D92A /* SystemConfiguration.framework in Frameworks */,
				D9DC647C1699C0B800E0D34B /* AVFoundation.framework in Frameworks */,
				D98F931816A2E46100E7DD1B /* CoreMedia.framework in Frameworks */,
				D9EB732A16CC2FB7003413FC /* AudioToolbox.framework in Frameworks */,
			);
			runOnlyForDeploymentPostprocessing = 0;
		};
		D995384A1696289F00C8B6F4 /* Frameworks */ = {
			isa = PBXFrameworksBuildPhase;
			buildActionMask = 2147483647;
			files = (
				D995384F1696289F00C8B6F4 /* UIKit.framework in Frameworks */,
				D99538501696289F00C8B6F4 /* Foundation.framework in Frameworks */,
				D99538511696289F00C8B6F4 /* CoreGraphics.framework in Frameworks */,
				F0F4C3590C1148909D9A7751 /* libPods-VKMusic-UnitTests.a in Frameworks */,
				D98C5DD5169883510084D92A /* MobileCoreServices.framework in Frameworks */,
				D98C5DD7169883510084D92A /* SystemConfiguration.framework in Frameworks */,
				D9C4181B16A213790011F600 /* AVFoundation.framework in Frameworks */,
				D98F931916A2E46100E7DD1B /* CoreMedia.framework in Frameworks */,
				D9EB732B16CC2FB7003413FC /* AudioToolbox.framework in Frameworks */,
			);
			runOnlyForDeploymentPostprocessing = 0;
		};
/* End PBXFrameworksBuildPhase section */

/* Begin PBXGroup section */
		D9174FEF16CE5B9E00E1D735 /* Network */ = {
			isa = PBXGroup;
			children = (
				D957D6CE16962BEE001F352B /* OAuthResponseSpec.mm */,
				D98C5DCE169864660084D92A /* NSURLRequestManagerSpec.mm */,
				D98C5E37169894ED0084D92A /* ResponseParserSpec.mm */,
				D9174FF216CE647700E1D735 /* AudioGetApiRequestSenderSpec.m */,
			);
			name = Network;
			sourceTree = "<group>";
		};
		D9174FF016CE5BAF00E1D735 /* Extension */ = {
			isa = PBXGroup;
			children = (
				D98C552516B41168002536EF /* NSStringExtensionsSpec.mm */,
			);
			name = Extension;
			sourceTree = "<group>";
		};
		D9174FF116CE5BBB00E1D735 /* Audio Player */ = {
			isa = PBXGroup;
			children = (
				D9C4180516A20D770011F600 /* AudioPlayerSpec.mm */,
			);
			name = "Audio Player";
			sourceTree = "<group>";
		};
		D91750EE16C6FD9700A00448 /* PlayerView */ = {
			isa = PBXGroup;
			children = (
				D98F931B16A3542A00E7DD1B /* PlayerView.h */,
				D98F931C16A3542A00E7DD1B /* PlayerView.m */,
			);
			name = PlayerView;
			sourceTree = "<group>";
		};
		D91750EF16C6FDA800A00448 /* AudioProgressView */ = {
			isa = PBXGroup;
			children = (
				D98F932116A3556D00E7DD1B /* AudioProgressView.h */,
				D98F932216A3556D00E7DD1B /* AudioProgressView.m */,
			);
			name = AudioProgressView;
			sourceTree = "<group>";
		};
		D91750F016C6FDB900A00448 /* AudioTitleView */ = {
			isa = PBXGroup;
			children = (
				D98F932516A35A7200E7DD1B /* AudioTitleView.h */,
				D98F932616A35A7200E7DD1B /* AudioTitleView.m */,
			);
			name = AudioTitleView;
			sourceTree = "<group>";
		};
		D91750F116C97B3C00A00448 /* Managers */ = {
			isa = PBXGroup;
			children = (
				D99F9CAC169A15F800735A31 /* AudioFilesManager */,
				D98C5DEB16988DBB0084D92A /* SettingsManager */,
				D98C5DEA16988DA60084D92A /* MappingManager */,
			);
			name = Managers;
			sourceTree = "<group>";
		};
		D91750F216C99CD800A00448 /* OAuthResponse */ = {
			isa = PBXGroup;
			children = (
				D99538461696214000C8B6F4 /* OAuthResponse.h */,
				D99538471696214000C8B6F4 /* OAuthResponse.m */,
			);
			name = OAuthResponse;
			sourceTree = "<group>";
		};
		D91750F316C99CEA00A00448 /* VKApiRequest */ = {
			isa = PBXGroup;
			children = (
				D91750F416C99D3200A00448 /* AudioGetApiRequest */,
				D94BD72D16CD6A6C00CC9891 /* AlbumsGetApiRequest */,
			);
			name = VKApiRequest;
			sourceTree = "<group>";
		};
		D91750F416C99D3200A00448 /* AudioGetApiRequest */ = {
			isa = PBXGroup;
			children = (
				D91750F516C99D5E00A00448 /* AudioGetApiRequest.h */,
				D91750F616C99D5E00A00448 /* AudioGetApiRequest.m */,
			);
			name = AudioGetApiRequest;
			sourceTree = "<group>";
		};
		D9258C161695F8F70072798B = {
			isa = PBXGroup;
			children = (
				D9258C2B1695F8F70072798B /* VKMusic */,
				D99538521696289F00C8B6F4 /* VKMusic-UnitTests */,
				D9258C241695F8F70072798B /* Frameworks */,
				D9258C221695F8F70072798B /* Products */,
				9ADA439328B2446EB6F522D5 /* Pods.xcconfig */,
				2751EC8D6FBA4A1FA1E3AA2F /* Pods-VKMusic-UnitTests.xcconfig */,
			);
			sourceTree = "<group>";
		};
		D9258C221695F8F70072798B /* Products */ = {
			isa = PBXGroup;
			children = (
				D9258C211695F8F70072798B /* VKMusic.app */,
				D995384D1696289F00C8B6F4 /* VKMusic-UnitTests.app */,
			);
			name = Products;
			sourceTree = "<group>";
		};
		D9258C241695F8F70072798B /* Frameworks */ = {
			isa = PBXGroup;
			children = (
				D9EB732916CC2FB7003413FC /* AudioToolbox.framework */,
				D98F931716A2E46100E7DD1B /* CoreMedia.framework */,
				D9DC647B1699C0B800E0D34B /* AVFoundation.framework */,
				D98C5DD2169883510084D92A /* MobileCoreServices.framework */,
				D98C5DD3169883510084D92A /* SystemConfiguration.framework */,
				D9258C251695F8F70072798B /* UIKit.framework */,
				D9258C271695F8F70072798B /* Foundation.framework */,
				D9258C291695F8F70072798B /* CoreGraphics.framework */,
				0CB5601261D84360B6711408 /* libPods.a */,
				280EA9A2240043DB953DAF58 /* libPods-VKMusic-UnitTests.a */,
			);
			name = Frameworks;
			sourceTree = "<group>";
		};
		D9258C2B1695F8F70072798B /* VKMusic */ = {
			isa = PBXGroup;
			children = (
				D995382D1695FFDE00C8B6F4 /* Application */,
				D995382F1695FFEA00C8B6F4 /* Controllers */,
				D98F931F16A3553600E7DD1B /* Views */,
				D9953835169600E700C8B6F4 /* Network */,
				D91750F116C97B3C00A00448 /* Managers */,
				D995383E1696193100C8B6F4 /* Helpers */,
				D9953842169619CB00C8B6F4 /* Models */,
				D9258C2C1695F8F70072798B /* Supporting Files */,
			);
			path = VKMusic;
			sourceTree = "<group>";
		};
		D9258C2C1695F8F70072798B /* Supporting Files */ = {
			isa = PBXGroup;
			children = (
				D9258C2D1695F8F70072798B /* VKMusic-Info.plist */,
				D9258C2E1695F8F70072798B /* InfoPlist.strings */,
				D9258C311695F8F70072798B /* main.m */,
				D9258C331695F8F70072798B /* VKMusic-Prefix.pch */,
				D9258C371695F8F70072798B /* Default.png */,
				D9258C391695F8F70072798B /* Default@2x.png */,
				D9258C3B1695F8F70072798B /* Default-568h@2x.png */,
				D9AC6F7F16BEC3F900432CC1 /* AudioStorage.xcdatamodeld */,
			);
			name = "Supporting Files";
			sourceTree = "<group>";
		};
		D94BD72D16CD6A6C00CC9891 /* AlbumsGetApiRequest */ = {
			isa = PBXGroup;
			children = (
				D94BD72E16CD6A9D00CC9891 /* AlbumsGetApiRequest.h */,
				D94BD72F16CD6A9D00CC9891 /* AlbumsGetApiRequest.m */,
			);
			name = AlbumsGetApiRequest;
			sourceTree = "<group>";
		};
		D94BD73216CD751C00CC9891 /* ApiRequestSender */ = {
			isa = PBXGroup;
			children = (
				D99538391696046100C8B6F4 /* ApiRequestConstants.h */,
				D99538361696013100C8B6F4 /* ApiRequestSender.h */,
				D99538371696013100C8B6F4 /* ApiRequestSender.m */,
			);
			name = ApiRequestSender;
			sourceTree = "<group>";
		};
		D94BD73316CD752B00CC9891 /* NSURLRequestManager */ = {
			isa = PBXGroup;
			children = (
				D995383A16960E7100C8B6F4 /* NSURLRequestManager.h */,
				D995383B16960E7100C8B6F4 /* NSURLRequestManager.m */,
			);
			name = NSURLRequestManager;
			sourceTree = "<group>";
		};
		D98B559D16B58F8300E0452A /* AudioViewController */ = {
			isa = PBXGroup;
			children = (
				D9AF64B216C5B21F000DCF26 /* AudioViewController.h */,
				D9AF64B316C5B21F000DCF26 /* AudioViewController.m */,
				D9DC646B16999DDC00E0D34B /* AudioViewController.xib */,
			);
			name = AudioViewController;
			sourceTree = "<group>";
		};
		D98C552716B445E4002536EF /* Cells */ = {
			isa = PBXGroup;
			children = (
				D98C552816B4474B002536EF /* AudioCell.h */,
				D98C552916B4474B002536EF /* AudioCell.m */,
				D98C552C16B4476D002536EF /* AudioCell.xib */,
			);
			name = Cells;
			sourceTree = "<group>";
		};
		D98C5DEA16988DA60084D92A /* MappingManager */ = {
			isa = PBXGroup;
			children = (
				D98C5E33169892D00084D92A /* MappingManager.h */,
				D98C5E34169892D00084D92A /* MappingManager.m */,
			);
			name = MappingManager;
			sourceTree = "<group>";
		};
		D98C5DEB16988DBB0084D92A /* SettingsManager */ = {
			isa = PBXGroup;
			children = (
				D995383F1696194A00C8B6F4 /* SettingsManager.h */,
				D99538401696194A00C8B6F4 /* SettingsManager.m */,
			);
			name = SettingsManager;
			sourceTree = "<group>";
		};
		D98C5DEC16988FE50084D92A /* Response Parser */ = {
			isa = PBXGroup;
			children = (
				D98C5DD8169885D30084D92A /* ResponseParser.h */,
				D98C5DD9169885D30084D92A /* ResponseParser.m */,
			);
			name = "Response Parser";
			sourceTree = "<group>";
		};
		D98C5DED16988FF50084D92A /* Requests */ = {
			isa = PBXGroup;
			children = (
				D94BD73316CD752B00CC9891 /* NSURLRequestManager */,
				D94BD73216CD751C00CC9891 /* ApiRequestSender */,
			);
			name = Requests;
			sourceTree = "<group>";
		};
		D98C5E391698951C0084D92A /* FakeResponses */ = {
			isa = PBXGroup;
			children = (
				D98C5E43169896A60084D92A /* AudioGetResponse */,
				D9174FED16CE5AAB00E1D735 /* GetAlbumsResponse */,
			);
			name = FakeResponses;
			sourceTree = "<group>";
		};
		D98C5E3F1698966D0084D92A /* Extensions */ = {
			isa = PBXGroup;
			children = (
				D98C5E401698967C0084D92A /* NSDictionary+LoadFromJsonFile.h */,
				D98C5E411698967C0084D92A /* NSDictionary+LoadFromJsonFile.m */,
			);
			name = Extensions;
			sourceTree = "<group>";
		};
		D98F931F16A3553600E7DD1B /* Views */ = {
			isa = PBXGroup;
			children = (
				D98C552716B445E4002536EF /* Cells */,
				D98F932016A3554B00E7DD1B /* Player */,
			);
			name = Views;
			sourceTree = "<group>";
		};
		D98F932016A3554B00E7DD1B /* Player */ = {
			isa = PBXGroup;
			children = (
				D91750F016C6FDB900A00448 /* AudioTitleView */,
				D91750EF16C6FDA800A00448 /* AudioProgressView */,
				D91750EE16C6FD9700A00448 /* PlayerView */,
			);
			name = Player;
			sourceTree = "<group>";
		};
		D995382D1695FFDE00C8B6F4 /* Application */ = {
			isa = PBXGroup;
			children = (
				D9B5F5BD16976D75006E77D2 /* ApplicationConstants.h */,
				D9258C341695F8F70072798B /* AppDelegate.h */,
				D9258C351695F8F70072798B /* AppDelegate.m */,
			);
			name = Application;
			sourceTree = "<group>";
		};
		D995382F1695FFEA00C8B6F4 /* Controllers */ = {
			isa = PBXGroup;
			children = (
				D98B559D16B58F8300E0452A /* AudioViewController */,
				D9DC646E1699AA1500E0D34B /* PlayerController */,
				D9DC646816999D6600E0D34B /* SavedViewController */,
				D9B5F5B716976BF0006E77D2 /* UsersAudioViewController */,
				D9DC646116999C1700E0D34B /* PlaylistsViewController */,
				D9DC646216999C3500E0D34B /* SearchViewController */,
				D9B5F5B516976BCF006E77D2 /* SignInViewController */,
				D9DC645F16999BFF00E0D34B /* SettingsViewController */,
			);
			name = Controllers;
			sourceTree = "<group>";
		};
		D9953835169600E700C8B6F4 /* Network */ = {
			isa = PBXGroup;
			children = (
				D98C5DED16988FF50084D92A /* Requests */,
				D98C5DEC16988FE50084D92A /* Response Parser */,
				D9EB732C16CC3416003413FC /* FilesDownloader */,
			);
			name = Network;
			sourceTree = "<group>";
		};
		D995383E1696193100C8B6F4 /* Helpers */ = {
			isa = PBXGroup;
			children = (
				D99F9C9F169A151800735A31 /* EKFileCache */,
				D99F9CB0169A1D4D00735A31 /* Extensions */,
				D9DC64771699BFBC00E0D34B /* Audio Player */,
				D9EB732D16CC34AF003413FC /* AudioSessionConfigurator */,
			);
			name = Helpers;
			sourceTree = "<group>";
		};
		D9953842169619CB00C8B6F4 /* Models */ = {
			isa = PBXGroup;
			children = (
				D91750F316C99CEA00A00448 /* VKApiRequest */,
				D91750F216C99CD800A00448 /* OAuthResponse */,
				D9AC6F8716BEDCF100432CC1 /* Audio */,
				D9EB732E16CC34E7003413FC /* Mapping */,
			);
			name = Models;
			sourceTree = "<group>";
		};
		D99538521696289F00C8B6F4 /* VKMusic-UnitTests */ = {
			isa = PBXGroup;
			children = (
				D98C5E3F1698966D0084D92A /* Extensions */,
				D98C5E391698951C0084D92A /* FakeResponses */,
				D995387016962A2700C8B6F4 /* Specs */,
				D99538531696289F00C8B6F4 /* Supporting Files */,
			);
			path = "VKMusic-UnitTests";
			sourceTree = "<group>";
		};
		D99538531696289F00C8B6F4 /* Supporting Files */ = {
			isa = PBXGroup;
			children = (
				D99538541696289F00C8B6F4 /* VKMusic-UnitTests-Info.plist */,
				D99538551696289F00C8B6F4 /* InfoPlist.strings */,
				D99538581696289F00C8B6F4 /* main.m */,
				D995385A1696289F00C8B6F4 /* VKMusic-UnitTests-Prefix.pch */,
				D995385E1696289F00C8B6F4 /* Default.png */,
				D99538601696289F00C8B6F4 /* Default@2x.png */,
				D99538621696289F00C8B6F4 /* Default-568h@2x.png */,
			);
			name = "Supporting Files";
			sourceTree = "<group>";
		};
		D995387016962A2700C8B6F4 /* Specs */ = {
			isa = PBXGroup;
			children = (
				D9174FF116CE5BBB00E1D735 /* Audio Player */,
				D9174FF016CE5BAF00E1D735 /* Extension */,
				D9174FEF16CE5B9E00E1D735 /* Network */,
			);
			name = Specs;
			sourceTree = "<group>";
		};
		D99F9C9F169A151800735A31 /* EKFileCache */ = {
			isa = PBXGroup;
			children = (
				D99F9CA0169A153300735A31 /* EKFileCache.h */,
				D9AF649E16C44D50000DCF26 /* EKFileOnDiskCache */,
				D9AF649D16C44D43000DCF26 /* EKFileMemoryCache */,
			);
			name = EKFileCache;
			sourceTree = "<group>";
		};
		D99F9CAC169A15F800735A31 /* AudioFilesManager */ = {
			isa = PBXGroup;
			children = (
				D9AC6F9516BF0D2300432CC1 /* OfflineAudioManager */,
				D9AF649C16C44CDB000DCF26 /* EKFileManager */,
			);
			name = AudioFilesManager;
			sourceTree = "<group>";
		};
		D99F9CB0169A1D4D00735A31 /* Extensions */ = {
			isa = PBXGroup;
			children = (
				D99F9CB1169A1D7200735A31 /* NSString+Hash.h */,
				D99F9CB2169A1D7200735A31 /* NSString+Hash.m */,
				D98C552016B4112C002536EF /* NSString+TimeFormatting.h */,
				D98C552116B4112C002536EF /* NSString+TimeFormatting.m */,
				D9C4180716A20EB70011F600 /* NSObject+NotificationCenter.h */,
				D9C4180816A20EB70011F600 /* NSObject+NotificationCenter.m */,
				D98C553816B4519F002536EF /* UITableView+CellCreation.h */,
				D98C553916B4519F002536EF /* UITableView+CellCreation.m */,
			);
			name = Extensions;
			sourceTree = "<group>";
		};
		D9AC6F8716BEDCF100432CC1 /* Audio */ = {
			isa = PBXGroup;
			children = (
				D9AC6F8816BEDE7F00432CC1 /* Audio.h */,
				D98C5DDC169886FA0084D92A /* OnlineAudio.h */,
				D98C5DDD169886FA0084D92A /* OnlineAudio.m */,
				D9AF64AE16C5A287000DCF26 /* OfflineAudio.h */,
				D9AF64AF16C5A287000DCF26 /* OfflineAudio.m */,
			);
			name = Audio;
			sourceTree = "<group>";
		};
		D9AC6F9416BF0D0E00432CC1 /* AudioDownloadingObserver */ = {
			isa = PBXGroup;
			children = (
				D9AC6F9316BF0CE500432CC1 /* AudioDownloaderDelegate.h */,
				D99F9CBB169A232800735A31 /* AudioDownloaderAdapter.h */,
				D99F9CBC169A232800735A31 /* AudioDownloaderAdapter.m */,
			);
			name = AudioDownloadingObserver;
			sourceTree = "<group>";
		};
		D9AC6F9516BF0D2300432CC1 /* OfflineAudioManager */ = {
			isa = PBXGroup;
			children = (
				D99F9CAD169A16DA00735A31 /* OfflineAudioManager.h */,
				D99F9CAE169A16DA00735A31 /* OfflineAudioManager.m */,
			);
			name = OfflineAudioManager;
			sourceTree = "<group>";
		};
		D9AF649B16C44CBA000DCF26 /* EKFileDownloader */ = {
			isa = PBXGroup;
			children = (
				D9AC6F8E16BEFF1C00432CC1 /* EKFileDownloaderDelegate.h */,
				D99F9CA8169A154E00735A31 /* EKFileDownloader.h */,
				D99F9CA9169A154E00735A31 /* EKFileDownloader.m */,
			);
			name = EKFileDownloader;
			sourceTree = "<group>";
		};
		D9AF649C16C44CDB000DCF26 /* EKFileManager */ = {
			isa = PBXGroup;
			children = (
				D9AF649816C43338000DCF26 /* EKFileManager.h */,
				D9AF649916C43338000DCF26 /* EKFileManager.m */,
			);
			name = EKFileManager;
			sourceTree = "<group>";
		};
		D9AF649D16C44D43000DCF26 /* EKFileMemoryCache */ = {
			isa = PBXGroup;
			children = (
				D99F9CA1169A153300735A31 /* EKFilesMemoryCache.h */,
				D99F9CA2169A153300735A31 /* EKFilesMemoryCache.m */,
			);
			name = EKFileMemoryCache;
			sourceTree = "<group>";
		};
		D9AF649E16C44D50000DCF26 /* EKFileOnDiskCache */ = {
			isa = PBXGroup;
			children = (
				D99F9CA3169A153300735A31 /* EKFileOnDiskCache.h */,
				D99F9CA4169A153300735A31 /* EKFileOnDiskCache.m */,
			);
			name = EKFileOnDiskCache;
			sourceTree = "<group>";
		};
		D9B5F5B516976BCF006E77D2 /* SignInViewController */ = {
			isa = PBXGroup;
			children = (
				D99538301696003800C8B6F4 /* SignInViewController.h */,
				D99538311696003800C8B6F4 /* SignInViewController.m */,
				D99538321696003800C8B6F4 /* SignInViewController.xib */,
			);
			name = SignInViewController;
			sourceTree = "<group>";
		};
		D9B5F5B716976BF0006E77D2 /* UsersAudioViewController */ = {
			isa = PBXGroup;
			children = (
				D9B5F5B816976C3B006E77D2 /* UsersAudioViewController.h */,
				D9B5F5B916976C3B006E77D2 /* UsersAudioViewController.m */,
				D91750F916C9A5AE00A00448 /* UsersAudioViewController.xib */,
			);
			name = UsersAudioViewController;
			sourceTree = "<group>";
		};
		D9DC645F16999BFF00E0D34B /* SettingsViewController */ = {
			isa = PBXGroup;
			children = (
				D98C5EB61698C9A30084D92A /* SettingsViewController.h */,
				D98C5EB71698C9A30084D92A /* SettingsViewController.m */,
				D98C5EB81698C9A30084D92A /* SettingsViewController.xib */,
			);
			name = SettingsViewController;
			sourceTree = "<group>";
		};
		D9DC646116999C1700E0D34B /* PlaylistsViewController */ = {
			isa = PBXGroup;
			children = (
				D98C5EBC1698C9D40084D92A /* PlaylistsViewController.h */,
				D98C5EBD1698C9D40084D92A /* PlaylistsViewController.m */,
				D98C5EBE1698C9D40084D92A /* PlaylistsViewController.xib */,
			);
			name = PlaylistsViewController;
			sourceTree = "<group>";
		};
		D9DC646216999C3500E0D34B /* SearchViewController */ = {
			isa = PBXGroup;
			children = (
				D9DC646316999D5A00E0D34B /* SearchViewController.h */,
				D9DC646416999D5A00E0D34B /* SearchViewController.m */,
				D9DC646516999D5A00E0D34B /* SearchViewController.xib */,
			);
			name = SearchViewController;
			sourceTree = "<group>";
		};
		D9DC646816999D6600E0D34B /* SavedViewController */ = {
			isa = PBXGroup;
			children = (
				D9DC646916999DDC00E0D34B /* SavedViewController.h */,
				D9DC646A16999DDC00E0D34B /* SavedViewController.m */,
				D91750FC16C9A65300A00448 /* SavedViewController.xib */,
			);
			name = SavedViewController;
			sourceTree = "<group>";
		};
		D9DC646E1699AA1500E0D34B /* PlayerController */ = {
			isa = PBXGroup;
			children = (
				D9DC646F1699AC5200E0D34B /* PlayerViewController.h */,
				D9DC64701699AC5200E0D34B /* PlayerViewController.m */,
				D9DC64711699AC5200E0D34B /* PlayerViewController.xib */,
			);
			name = PlayerController;
			sourceTree = "<group>";
		};
		D9DC64771699BFBC00E0D34B /* Audio Player */ = {
			isa = PBXGroup;
			children = (
				D9DC64781699BFF100E0D34B /* AudioPlayer.h */,
				D9DC64791699BFF100E0D34B /* AudioPlayer.m */,
			);
			name = "Audio Player";
			sourceTree = "<group>";
		};
		D9EB732C16CC3416003413FC /* FilesDownloader */ = {
			isa = PBXGroup;
			children = (
				D9AF649B16C44CBA000DCF26 /* EKFileDownloader */,
				D9AC6F9416BF0D0E00432CC1 /* AudioDownloadingObserver */,
			);
			name = FilesDownloader;
			sourceTree = "<group>";
		};
		D9EB732D16CC34AF003413FC /* AudioSessionConfigurator */ = {
			isa = PBXGroup;
			children = (
				D9EB732516CADF9A003413FC /* AudioSessionConfigurator.h */,
				D9EB732616CADF9A003413FC /* AudioSessionConfigurator.m */,
			);
			name = AudioSessionConfigurator;
			sourceTree = "<group>";
		};
		D9EB732E16CC34E7003413FC /* Mapping */ = {
			isa = PBXGroup;
			children = (
				D98C5DE6169888F10084D92A /* Mapping.h */,
				D98C5DE7169888F10084D92A /* Mapping.m */,
			);
			name = Mapping;
			sourceTree = "<group>";
		};
/* End PBXGroup section */

/* Begin PBXNativeTarget section */
		D9258C201695F8F70072798B /* VKMusic */ = {
			isa = PBXNativeTarget;
			buildConfigurationList = D9258C3F1695F8F70072798B /* Build configuration list for PBXNativeTarget "VKMusic" */;
			buildPhases = (
				D9258C1D1695F8F70072798B /* Sources */,
				D9258C1E1695F8F70072798B /* Frameworks */,
				D9258C1F1695F8F70072798B /* Resources */,
				3733CBF6FBBB4735AC1A469E /* Copy Pods Resources */,
			);
			buildRules = (
			);
			dependencies = (
			);
			name = VKMusic;
			productName = VKMusic;
			productReference = D9258C211695F8F70072798B /* VKMusic.app */;
			productType = "com.apple.product-type.application";
		};
		D995384C1696289F00C8B6F4 /* VKMusic-UnitTests */ = {
			isa = PBXNativeTarget;
			buildConfigurationList = D99538641696289F00C8B6F4 /* Build configuration list for PBXNativeTarget "VKMusic-UnitTests" */;
			buildPhases = (
				D99538491696289F00C8B6F4 /* Sources */,
				D995384A1696289F00C8B6F4 /* Frameworks */,
				D995384B1696289F00C8B6F4 /* Resources */,
				ED36F7942CE443A58F144BF0 /* Copy Pods Resources */,
			);
			buildRules = (
			);
			dependencies = (
			);
			name = "VKMusic-UnitTests";
			productName = "VKMusic-UnitTests";
			productReference = D995384D1696289F00C8B6F4 /* VKMusic-UnitTests.app */;
			productType = "com.apple.product-type.application";
		};
/* End PBXNativeTarget section */

/* Begin PBXProject section */
		D9258C181695F8F70072798B /* Project object */ = {
			isa = PBXProject;
			attributes = {
				LastUpgradeCheck = 0450;
				ORGANIZATIONNAME = "Evgeniy Kirpichenko";
			};
			buildConfigurationList = D9258C1B1695F8F70072798B /* Build configuration list for PBXProject "VKMusic" */;
			compatibilityVersion = "Xcode 3.2";
			developmentRegion = English;
			hasScannedForEncodings = 0;
			knownRegions = (
				en,
			);
			mainGroup = D9258C161695F8F70072798B;
			productRefGroup = D9258C221695F8F70072798B /* Products */;
			projectDirPath = "";
			projectRoot = "";
			targets = (
				D9258C201695F8F70072798B /* VKMusic */,
				D995384C1696289F00C8B6F4 /* VKMusic-UnitTests */,
			);
		};
/* End PBXProject section */

/* Begin PBXResourcesBuildPhase section */
		D9258C1F1695F8F70072798B /* Resources */ = {
			isa = PBXResourcesBuildPhase;
			buildActionMask = 2147483647;
			files = (
				D9258C301695F8F70072798B /* InfoPlist.strings in Resources */,
				D9258C381695F8F70072798B /* Default.png in Resources */,
				D9258C3A1695F8F70072798B /* Default@2x.png in Resources */,
				D9258C3C1695F8F70072798B /* Default-568h@2x.png in Resources */,
				D99538341696003800C8B6F4 /* SignInViewController.xib in Resources */,
				D98C5EBA1698C9A30084D92A /* SettingsViewController.xib in Resources */,
				D98C5EC01698C9D40084D92A /* PlaylistsViewController.xib in Resources */,
				D9DC646716999D5A00E0D34B /* SearchViewController.xib in Resources */,
				D9DC646D16999DDC00E0D34B /* AudioViewController.xib in Resources */,
				D9DC64731699AC5200E0D34B /* PlayerViewController.xib in Resources */,
				D98C552D16B4476D002536EF /* AudioCell.xib in Resources */,
				D91750FA16C9A5AE00A00448 /* UsersAudioViewController.xib in Resources */,
				D91750FD16C9A65300A00448 /* SavedViewController.xib in Resources */,
			);
			runOnlyForDeploymentPostprocessing = 0;
		};
		D995384B1696289F00C8B6F4 /* Resources */ = {
			isa = PBXResourcesBuildPhase;
			buildActionMask = 2147483647;
			files = (
				D99538571696289F00C8B6F4 /* InfoPlist.strings in Resources */,
				D995385F1696289F00C8B6F4 /* Default.png in Resources */,
				D99538611696289F00C8B6F4 /* Default@2x.png in Resources */,
				D99538631696289F00C8B6F4 /* Default-568h@2x.png in Resources */,
				D98C5E44169896A60084D92A /* AudioGetResponse in Resources */,
				D98C552E16B4476D002536EF /* AudioCell.xib in Resources */,
				D91750FB16C9A5AE00A00448 /* UsersAudioViewController.xib in Resources */,
				D91750FE16C9A65300A00448 /* SavedViewController.xib in Resources */,
				D9174FEE16CE5AAB00E1D735 /* GetAlbumsResponse in Resources */,
			);
			runOnlyForDeploymentPostprocessing = 0;
		};
/* End PBXResourcesBuildPhase section */

/* Begin PBXShellScriptBuildPhase section */
		3733CBF6FBBB4735AC1A469E /* Copy Pods Resources */ = {
			isa = PBXShellScriptBuildPhase;
			buildActionMask = 2147483647;
			files = (
			);
			inputPaths = (
			);
			name = "Copy Pods Resources";
			outputPaths = (
			);
			runOnlyForDeploymentPostprocessing = 0;
			shellPath = /bin/sh;
			shellScript = "\"${SRCROOT}/Pods/Pods-resources.sh\"\n";
		};
		ED36F7942CE443A58F144BF0 /* Copy Pods Resources */ = {
			isa = PBXShellScriptBuildPhase;
			buildActionMask = 2147483647;
			files = (
			);
			inputPaths = (
			);
			name = "Copy Pods Resources";
			outputPaths = (
			);
			runOnlyForDeploymentPostprocessing = 0;
			shellPath = /bin/sh;
			shellScript = "\"${SRCROOT}/Pods/Pods-VKMusic-UnitTests-resources.sh\"\n";
		};
/* End PBXShellScriptBuildPhase section */

/* Begin PBXSourcesBuildPhase section */
		D9258C1D1695F8F70072798B /* Sources */ = {
			isa = PBXSourcesBuildPhase;
			buildActionMask = 2147483647;
			files = (
				D9258C321695F8F70072798B /* main.m in Sources */,
				D9258C361695F8F70072798B /* AppDelegate.m in Sources */,
				D99538331696003800C8B6F4 /* SignInViewController.m in Sources */,
				D99538381696013100C8B6F4 /* ApiRequestSender.m in Sources */,
				D995383C16960E7100C8B6F4 /* NSURLRequestManager.m in Sources */,
				D99538411696194A00C8B6F4 /* SettingsManager.m in Sources */,
				D99538481696214000C8B6F4 /* OAuthResponse.m in Sources */,
				D9B5F5BB16976C3B006E77D2 /* UsersAudioViewController.m in Sources */,
				D98C5DDA169885D30084D92A /* ResponseParser.m in Sources */,
				D98C5DDE169886FA0084D92A /* OnlineAudio.m in Sources */,
				D98C5DE8169888F10084D92A /* Mapping.m in Sources */,
				D98C5E35169892D00084D92A /* MappingManager.m in Sources */,
				D98C5EB91698C9A30084D92A /* SettingsViewController.m in Sources */,
				D98C5EBF1698C9D40084D92A /* PlaylistsViewController.m in Sources */,
				D9DC646616999D5A00E0D34B /* SearchViewController.m in Sources */,
				D9DC646C16999DDC00E0D34B /* SavedViewController.m in Sources */,
				D9DC64721699AC5200E0D34B /* PlayerViewController.m in Sources */,
				D9DC647A1699BFF100E0D34B /* AudioPlayer.m in Sources */,
				D99F9CA5169A153300735A31 /* EKFilesMemoryCache.m in Sources */,
				D99F9CA6169A153300735A31 /* EKFileOnDiskCache.m in Sources */,
				D99F9CAB169A154E00735A31 /* EKFileDownloader.m in Sources */,
				D99F9CAF169A16DA00735A31 /* OfflineAudioManager.m in Sources */,
				D99F9CB3169A1D7200735A31 /* NSString+Hash.m in Sources */,
				D99F9CBD169A232800735A31 /* AudioDownloaderAdapter.m in Sources */,
				D9C4180916A20EB70011F600 /* NSObject+NotificationCenter.m in Sources */,
				D98F931D16A3542A00E7DD1B /* PlayerView.m in Sources */,
				D98F932316A3556D00E7DD1B /* AudioProgressView.m in Sources */,
				D98F932716A35A7200E7DD1B /* AudioTitleView.m in Sources */,
				D98C552216B4112C002536EF /* NSString+TimeFormatting.m in Sources */,
				D98C552A16B4474B002536EF /* AudioCell.m in Sources */,
				D98C553A16B4519F002536EF /* UITableView+CellCreation.m in Sources */,
				D9AC6F8116BEC3F900432CC1 /* AudioStorage.xcdatamodeld in Sources */,
				D9AF649A16C43338000DCF26 /* EKFileManager.m in Sources */,
				D9AF64B016C5A287000DCF26 /* OfflineAudio.m in Sources */,
				D9AF64B416C5B21F000DCF26 /* AudioViewController.m in Sources */,
				D91750F716C99D5E00A00448 /* AudioGetApiRequest.m in Sources */,
				D9EB732716CADF9A003413FC /* AudioSessionConfigurator.m in Sources */,
				D94BD73016CD6A9D00CC9891 /* AlbumsGetApiRequest.m in Sources */,
			);
			runOnlyForDeploymentPostprocessing = 0;
		};
		D99538491696289F00C8B6F4 /* Sources */ = {
			isa = PBXSourcesBuildPhase;
			buildActionMask = 2147483647;
			files = (
				D9C4181916A213630011F600 /* EKFilesMemoryCache.m in Sources */,
				D9C4181A16A213630011F600 /* EKFileOnDiskCache.m in Sources */,
				D9C4180B16A2130E0011F600 /* PlayerViewController.m in Sources */,
				D9C4180C16A2130E0011F600 /* SavedViewController.m in Sources */,
				D9C4180D16A2130E0011F600 /* UsersAudioViewController.m in Sources */,
				D9C4180E16A2130E0011F600 /* PlaylistsViewController.m in Sources */,
				D9C4180F16A2130E0011F600 /* SearchViewController.m in Sources */,
				D9C4181016A2130E0011F600 /* SignInViewController.m in Sources */,
				D9C4181116A2130E0011F600 /* SettingsViewController.m in Sources */,
				D9C4181216A2130E0011F600 /* ApiRequestSender.m in Sources */,
				D9C4181316A2130E0011F600 /* NSString+Hash.m in Sources */,
				D9C4181416A2130E0011F600 /* NSObject+NotificationCenter.m in Sources */,
				D9C4181516A2130E0011F600 /* OfflineAudioManager.m in Sources */,
				D9C4181616A2130E0011F600 /* AudioDownloaderAdapter.m in Sources */,
				D9C4181716A2130E0011F600 /* EKFileDownloader.m in Sources */,
				D9C4181816A2130E0011F600 /* SettingsManager.m in Sources */,
				D99538591696289F00C8B6F4 /* main.m in Sources */,
				D957D6CF16962BEE001F352B /* OAuthResponseSpec.mm in Sources */,
				D957D6D116962FA2001F352B /* OAuthResponse.m in Sources */,
				D98C5DCF169864660084D92A /* NSURLRequestManagerSpec.mm in Sources */,
				D98C5DD1169866120084D92A /* NSURLRequestManager.m in Sources */,
				D98C5DDB169885D30084D92A /* ResponseParser.m in Sources */,
				D98C5DDF169886FA0084D92A /* OnlineAudio.m in Sources */,
				D98C5DE9169888F10084D92A /* Mapping.m in Sources */,
				D98C5E36169892D00084D92A /* MappingManager.m in Sources */,
				D98C5E38169894ED0084D92A /* ResponseParserSpec.mm in Sources */,
				D98C5E421698967C0084D92A /* NSDictionary+LoadFromJsonFile.m in Sources */,
				D9C4180616A20D770011F600 /* AudioPlayerSpec.mm in Sources */,
				D9C4180A16A212790011F600 /* AudioPlayer.m in Sources */,
				D98F931E16A3542A00E7DD1B /* PlayerView.m in Sources */,
				D98F932416A3556D00E7DD1B /* AudioProgressView.m in Sources */,
				D98F932816A35A7200E7DD1B /* AudioTitleView.m in Sources */,
				D98C552316B4112C002536EF /* NSString+TimeFormatting.m in Sources */,
				D98C552616B41168002536EF /* NSStringExtensionsSpec.mm in Sources */,
				D98C552B16B4474B002536EF /* AudioCell.m in Sources */,
				D98C553B16B4519F002536EF /* UITableView+CellCreation.m in Sources */,
				D9AC6F8216BEC3F900432CC1 /* AudioStorage.xcdatamodeld in Sources */,
				D9AF64B116C5A287000DCF26 /* OfflineAudio.m in Sources */,
				D9AF64B516C5B21F000DCF26 /* AudioViewController.m in Sources */,
				D91750F816C99D5E00A00448 /* AudioGetApiRequest.m in Sources */,
				D9EB732816CADF9A003413FC /* AudioSessionConfigurator.m in Sources */,
				D94BD73116CD6A9D00CC9891 /* AlbumsGetApiRequest.m in Sources */,
				D94BD73416CD77EB00CC9891 /* EKFileManager.m in Sources */,
				D9174FF316CE647700E1D735 /* AudioGetApiRequestSenderSpec.m in Sources */,
			);
			runOnlyForDeploymentPostprocessing = 0;
		};
/* End PBXSourcesBuildPhase section */

/* Begin PBXVariantGroup section */
		D9258C2E1695F8F70072798B /* InfoPlist.strings */ = {
			isa = PBXVariantGroup;
			children = (
				D9258C2F1695F8F70072798B /* en */,
			);
			name = InfoPlist.strings;
			sourceTree = "<group>";
		};
		D99538551696289F00C8B6F4 /* InfoPlist.strings */ = {
			isa = PBXVariantGroup;
			children = (
				D99538561696289F00C8B6F4 /* en */,
			);
			name = InfoPlist.strings;
			sourceTree = "<group>";
		};
/* End PBXVariantGroup section */

/* Begin XCBuildConfiguration section */
		D9258C3D1695F8F70072798B /* Debug */ = {
			isa = XCBuildConfiguration;
			buildSettings = {
				ALWAYS_SEARCH_USER_PATHS = NO;
				CLANG_CXX_LANGUAGE_STANDARD = "gnu++0x";
				CLANG_CXX_LIBRARY = "libc++";
				CLANG_WARN_EMPTY_BODY = YES;
				CLANG_WARN__DUPLICATE_METHOD_MATCH = YES;
				"CODE_SIGN_IDENTITY[sdk=iphoneos*]" = "iPhone Developer";
				COPY_PHASE_STRIP = NO;
				GCC_C_LANGUAGE_STANDARD = gnu99;
				GCC_DYNAMIC_NO_PIC = NO;
				GCC_OPTIMIZATION_LEVEL = 0;
				GCC_PREPROCESSOR_DEFINITIONS = (
					"DEBUG=1",
					"$(inherited)",
				);
				GCC_SYMBOLS_PRIVATE_EXTERN = NO;
				GCC_WARN_ABOUT_RETURN_TYPE = YES;
				GCC_WARN_UNINITIALIZED_AUTOS = YES;
				GCC_WARN_UNUSED_VARIABLE = YES;
				IPHONEOS_DEPLOYMENT_TARGET = 6.0;
				ONLY_ACTIVE_ARCH = YES;
				SDKROOT = iphoneos;
				TARGETED_DEVICE_FAMILY = "1,2";
			};
			name = Debug;
		};
		D9258C3E1695F8F70072798B /* Release */ = {
			isa = XCBuildConfiguration;
			buildSettings = {
				ALWAYS_SEARCH_USER_PATHS = NO;
				CLANG_CXX_LANGUAGE_STANDARD = "gnu++0x";
				CLANG_CXX_LIBRARY = "libc++";
				CLANG_WARN_EMPTY_BODY = YES;
				CLANG_WARN__DUPLICATE_METHOD_MATCH = YES;
				"CODE_SIGN_IDENTITY[sdk=iphoneos*]" = "iPhone Developer";
				COPY_PHASE_STRIP = YES;
				GCC_C_LANGUAGE_STANDARD = gnu99;
				GCC_WARN_ABOUT_RETURN_TYPE = YES;
				GCC_WARN_UNINITIALIZED_AUTOS = YES;
				GCC_WARN_UNUSED_VARIABLE = YES;
				IPHONEOS_DEPLOYMENT_TARGET = 6.0;
				OTHER_CFLAGS = "-DNS_BLOCK_ASSERTIONS=1";
				SDKROOT = iphoneos;
				TARGETED_DEVICE_FAMILY = "1,2";
				VALIDATE_PRODUCT = YES;
			};
			name = Release;
		};
		D9258C401695F8F70072798B /* Debug */ = {
			isa = XCBuildConfiguration;
			baseConfigurationReference = 9ADA439328B2446EB6F522D5 /* Pods.xcconfig */;
			buildSettings = {
				CLANG_ENABLE_OBJC_ARC = YES;
				GCC_PRECOMPILE_PREFIX_HEADER = YES;
				GCC_PREFIX_HEADER = "VKMusic/VKMusic-Prefix.pch";
				INFOPLIST_FILE = "VKMusic/VKMusic-Info.plist";
				IPHONEOS_DEPLOYMENT_TARGET = 5.0;
				PRODUCT_NAME = "$(TARGET_NAME)";
				WRAPPER_EXTENSION = app;
			};
			name = Debug;
		};
		D9258C411695F8F70072798B /* Release */ = {
			isa = XCBuildConfiguration;
			baseConfigurationReference = 9ADA439328B2446EB6F522D5 /* Pods.xcconfig */;
			buildSettings = {
				CLANG_ENABLE_OBJC_ARC = YES;
				GCC_PRECOMPILE_PREFIX_HEADER = YES;
				GCC_PREFIX_HEADER = "VKMusic/VKMusic-Prefix.pch";
				INFOPLIST_FILE = "VKMusic/VKMusic-Info.plist";
				IPHONEOS_DEPLOYMENT_TARGET = 5.0;
				PRODUCT_NAME = "$(TARGET_NAME)";
				WRAPPER_EXTENSION = app;
			};
			name = Release;
		};
		D99538651696289F00C8B6F4 /* Debug */ = {
			isa = XCBuildConfiguration;
			baseConfigurationReference = 2751EC8D6FBA4A1FA1E3AA2F /* Pods-VKMusic-UnitTests.xcconfig */;
			buildSettings = {
				CLANG_ENABLE_OBJC_ARC = YES;
				"CODE_SIGN_IDENTITY[sdk=iphoneos*]" = "iPhone Developer";
				GCC_PRECOMPILE_PREFIX_HEADER = YES;
				GCC_PREFIX_HEADER = "VKMusic-UnitTests/VKMusic-UnitTests-Prefix.pch";
				GCC_PREPROCESSOR_DEFINITIONS = (
					"DEBUG=1",
					"$(inherited)",
					TEST,
				);
				INFOPLIST_FILE = "VKMusic-UnitTests/VKMusic-UnitTests-Info.plist";
				PRODUCT_NAME = "$(TARGET_NAME)";
				WRAPPER_EXTENSION = app;
			};
			name = Debug;
		};
		D99538661696289F00C8B6F4 /* Release */ = {
			isa = XCBuildConfiguration;
			baseConfigurationReference = 2751EC8D6FBA4A1FA1E3AA2F /* Pods-VKMusic-UnitTests.xcconfig */;
			buildSettings = {
				CLANG_ENABLE_OBJC_ARC = YES;
				"CODE_SIGN_IDENTITY[sdk=iphoneos*]" = "iPhone Developer";
				GCC_PRECOMPILE_PREFIX_HEADER = YES;
				GCC_PREFIX_HEADER = "VKMusic-UnitTests/VKMusic-UnitTests-Prefix.pch";
				INFOPLIST_FILE = "VKMusic-UnitTests/VKMusic-UnitTests-Info.plist";
				PRODUCT_NAME = "$(TARGET_NAME)";
				WRAPPER_EXTENSION = app;
			};
			name = Release;
		};
/* End XCBuildConfiguration section */

/* Begin XCConfigurationList section */
		D9258C1B1695F8F70072798B /* Build configuration list for PBXProject "VKMusic" */ = {
			isa = XCConfigurationList;
			buildConfigurations = (
				D9258C3D1695F8F70072798B /* Debug */,
				D9258C3E1695F8F70072798B /* Release */,
			);
			defaultConfigurationIsVisible = 0;
			defaultConfigurationName = Release;
		};
		D9258C3F1695F8F70072798B /* Build configuration list for PBXNativeTarget "VKMusic" */ = {
			isa = XCConfigurationList;
			buildConfigurations = (
				D9258C401695F8F70072798B /* Debug */,
				D9258C411695F8F70072798B /* Release */,
			);
			defaultConfigurationIsVisible = 0;
			defaultConfigurationName = Release;
		};
		D99538641696289F00C8B6F4 /* Build configuration list for PBXNativeTarget "VKMusic-UnitTests" */ = {
			isa = XCConfigurationList;
			buildConfigurations = (
				D99538651696289F00C8B6F4 /* Debug */,
				D99538661696289F00C8B6F4 /* Release */,
			);
			defaultConfigurationIsVisible = 0;
			defaultConfigurationName = Release;
		};
/* End XCConfigurationList section */

/* Begin XCVersionGroup section */
		D9AC6F7F16BEC3F900432CC1 /* AudioStorage.xcdatamodeld */ = {
			isa = XCVersionGroup;
			children = (
				D9AC6F8016BEC3F900432CC1 /* AudioStorage.xcdatamodel */,
			);
			currentVersion = D9AC6F8016BEC3F900432CC1 /* AudioStorage.xcdatamodel */;
			path = AudioStorage.xcdatamodeld;
			sourceTree = "<group>";
			versionGroupType = wrapper.xcdatamodel;
		};
/* End XCVersionGroup section */
	};
	rootObject = D9258C181695F8F70072798B /* Project object */;
}
