// !$*UTF8*$!
{
	archiveVersion = 1;
	classes = {
	};
	objectVersion = 46;
	objects = {

/* Begin PBXBuildFile section */
		07F29BD556D94D2BBFDE0DC7 /* libPods.a in Frameworks */ = {isa = PBXBuildFile; fileRef = 0CB5601261D84360B6711408 /* libPods.a */; };
		D9258C261695F8F70072798B /* UIKit.framework in Frameworks */ = {isa = PBXBuildFile; fileRef = D9258C251695F8F70072798B /* UIKit.framework */; };
		D9258C281695F8F70072798B /* Foundation.framework in Frameworks */ = {isa = PBXBuildFile; fileRef = D9258C271695F8F70072798B /* Foundation.framework */; };
		D9258C2A1695F8F70072798B /* CoreGraphics.framework in Frameworks */ = {isa = PBXBuildFile; fileRef = D9258C291695F8F70072798B /* CoreGraphics.framework */; };
		D9258C301695F8F70072798B /* InfoPlist.strings in Resources */ = {isa = PBXBuildFile; fileRef = D9258C2E1695F8F70072798B /* InfoPlist.strings */; };
		D9258C321695F8F70072798B /* main.m in Sources */ = {isa = PBXBuildFile; fileRef = D9258C311695F8F70072798B /* main.m */; };
		D9258C361695F8F70072798B /* AppDelegate.m in Sources */ = {isa = PBXBuildFile; fileRef = D9258C351695F8F70072798B /* AppDelegate.m */; };
		D9258C381695F8F70072798B /* Default.png in Resources */ = {isa = PBXBuildFile; fileRef = D9258C371695F8F70072798B /* Default.png */; };
		D9258C3A1695F8F70072798B /* Default@2x.png in Resources */ = {isa = PBXBuildFile; fileRef = D9258C391695F8F70072798B /* Default@2x.png */; };
		D9258C3C1695F8F70072798B /* Default-568h@2x.png in Resources */ = {isa = PBXBuildFile; fileRef = D9258C3B1695F8F70072798B /* Default-568h@2x.png */; };
		D957D6CF16962BEE001F352B /* OAuthResponseSpec.mm in Sources */ = {isa = PBXBuildFile; fileRef = D957D6CE16962BEE001F352B /* OAuthResponseSpec.mm */; };
		D957D6D116962FA2001F352B /* OAuthResponse.m in Sources */ = {isa = PBXBuildFile; fileRef = D99538471696214000C8B6F4 /* OAuthResponse.m */; };
		D99538331696003800C8B6F4 /* SignInViewController.m in Sources */ = {isa = PBXBuildFile; fileRef = D99538311696003800C8B6F4 /* SignInViewController.m */; };
		D99538341696003800C8B6F4 /* SignInViewController.xib in Resources */ = {isa = PBXBuildFile; fileRef = D99538321696003800C8B6F4 /* SignInViewController.xib */; };
		D99538381696013100C8B6F4 /* RequestSender.m in Sources */ = {isa = PBXBuildFile; fileRef = D99538371696013100C8B6F4 /* RequestSender.m */; };
		D995383C16960E7100C8B6F4 /* RequestManager.m in Sources */ = {isa = PBXBuildFile; fileRef = D995383B16960E7100C8B6F4 /* RequestManager.m */; };
		D99538411696194A00C8B6F4 /* SettingsManager.m in Sources */ = {isa = PBXBuildFile; fileRef = D99538401696194A00C8B6F4 /* SettingsManager.m */; };
		D995384516961A8100C8B6F4 /* SignInResponseParser.m in Sources */ = {isa = PBXBuildFile; fileRef = D995384416961A8100C8B6F4 /* SignInResponseParser.m */; };
		D99538481696214000C8B6F4 /* OAuthResponse.m in Sources */ = {isa = PBXBuildFile; fileRef = D99538471696214000C8B6F4 /* OAuthResponse.m */; };
		D995384F1696289F00C8B6F4 /* UIKit.framework in Frameworks */ = {isa = PBXBuildFile; fileRef = D9258C251695F8F70072798B /* UIKit.framework */; };
		D99538501696289F00C8B6F4 /* Foundation.framework in Frameworks */ = {isa = PBXBuildFile; fileRef = D9258C271695F8F70072798B /* Foundation.framework */; };
		D99538511696289F00C8B6F4 /* CoreGraphics.framework in Frameworks */ = {isa = PBXBuildFile; fileRef = D9258C291695F8F70072798B /* CoreGraphics.framework */; };
		D99538571696289F00C8B6F4 /* InfoPlist.strings in Resources */ = {isa = PBXBuildFile; fileRef = D99538551696289F00C8B6F4 /* InfoPlist.strings */; };
		D99538591696289F00C8B6F4 /* main.m in Sources */ = {isa = PBXBuildFile; fileRef = D99538581696289F00C8B6F4 /* main.m */; };
		D995385F1696289F00C8B6F4 /* Default.png in Resources */ = {isa = PBXBuildFile; fileRef = D995385E1696289F00C8B6F4 /* Default.png */; };
		D99538611696289F00C8B6F4 /* Default@2x.png in Resources */ = {isa = PBXBuildFile; fileRef = D99538601696289F00C8B6F4 /* Default@2x.png */; };
		D99538631696289F00C8B6F4 /* Default-568h@2x.png in Resources */ = {isa = PBXBuildFile; fileRef = D99538621696289F00C8B6F4 /* Default-568h@2x.png */; };
		F0F4C3590C1148909D9A7751 /* libPods-VKMusic-UnitTests.a in Frameworks */ = {isa = PBXBuildFile; fileRef = 280EA9A2240043DB953DAF58 /* libPods-VKMusic-UnitTests.a */; };
/* End PBXBuildFile section */

/* Begin PBXFileReference section */
		0CB5601261D84360B6711408 /* libPods.a */ = {isa = PBXFileReference; explicitFileType = archive.ar; includeInIndex = 0; path = libPods.a; sourceTree = BUILT_PRODUCTS_DIR; };
		2751EC8D6FBA4A1FA1E3AA2F /* Pods-VKMusic-UnitTests.xcconfig */ = {isa = PBXFileReference; includeInIndex = 1; lastKnownFileType = text.xcconfig; name = "Pods-VKMusic-UnitTests.xcconfig"; path = "Pods/Pods-VKMusic-UnitTests.xcconfig"; sourceTree = SOURCE_ROOT; };
		280EA9A2240043DB953DAF58 /* libPods-VKMusic-UnitTests.a */ = {isa = PBXFileReference; explicitFileType = archive.ar; includeInIndex = 0; path = "libPods-VKMusic-UnitTests.a"; sourceTree = BUILT_PRODUCTS_DIR; };
		9ADA439328B2446EB6F522D5 /* Pods.xcconfig */ = {isa = PBXFileReference; includeInIndex = 1; lastKnownFileType = text.xcconfig; name = Pods.xcconfig; path = Pods/Pods.xcconfig; sourceTree = SOURCE_ROOT; };
		D9258C211695F8F70072798B /* VKMusic.app */ = {isa = PBXFileReference; explicitFileType = wrapper.application; includeInIndex = 0; path = VKMusic.app; sourceTree = BUILT_PRODUCTS_DIR; };
		D9258C251695F8F70072798B /* UIKit.framework */ = {isa = PBXFileReference; includeInIndex = 1; lastKnownFileType = wrapper.framework; name = UIKit.framework; path = System/Library/Frameworks/UIKit.framework; sourceTree = SDKROOT; };
		D9258C271695F8F70072798B /* Foundation.framework */ = {isa = PBXFileReference; includeInIndex = 1; lastKnownFileType = wrapper.framework; name = Foundation.framework; path = System/Library/Frameworks/Foundation.framework; sourceTree = SDKROOT; };
		D9258C291695F8F70072798B /* CoreGraphics.framework */ = {isa = PBXFileReference; includeInIndex = 1; lastKnownFileType = wrapper.framework; name = CoreGraphics.framework; path = System/Library/Frameworks/CoreGraphics.framework; sourceTree = SDKROOT; };
		D9258C2D1695F8F70072798B /* VKMusic-Info.plist */ = {isa = PBXFileReference; lastKnownFileType = text.plist.xml; path = "VKMusic-Info.plist"; sourceTree = "<group>"; };
		D9258C2F1695F8F70072798B /* en */ = {isa = PBXFileReference; lastKnownFileType = text.plist.strings; name = en; path = en.lproj/InfoPlist.strings; sourceTree = "<group>"; };
		D9258C311695F8F70072798B /* main.m */ = {isa = PBXFileReference; lastKnownFileType = sourcecode.c.objc; path = main.m; sourceTree = "<group>"; };
		D9258C331695F8F70072798B /* VKMusic-Prefix.pch */ = {isa = PBXFileReference; lastKnownFileType = sourcecode.c.h; path = "VKMusic-Prefix.pch"; sourceTree = "<group>"; };
		D9258C341695F8F70072798B /* AppDelegate.h */ = {isa = PBXFileReference; lastKnownFileType = sourcecode.c.h; path = AppDelegate.h; sourceTree = "<group>"; };
		D9258C351695F8F70072798B /* AppDelegate.m */ = {isa = PBXFileReference; lastKnownFileType = sourcecode.c.objc; path = AppDelegate.m; sourceTree = "<group>"; };
		D9258C371695F8F70072798B /* Default.png */ = {isa = PBXFileReference; lastKnownFileType = image.png; path = Default.png; sourceTree = "<group>"; };
		D9258C391695F8F70072798B /* Default@2x.png */ = {isa = PBXFileReference; lastKnownFileType = image.png; path = "Default@2x.png"; sourceTree = "<group>"; };
		D9258C3B1695F8F70072798B /* Default-568h@2x.png */ = {isa = PBXFileReference; lastKnownFileType = image.png; path = "Default-568h@2x.png"; sourceTree = "<group>"; };
		D957D6CE16962BEE001F352B /* OAuthResponseSpec.mm */ = {isa = PBXFileReference; fileEncoding = 4; lastKnownFileType = sourcecode.cpp.objcpp; path = OAuthResponseSpec.mm; sourceTree = "<group>"; };
		D99538301696003800C8B6F4 /* SignInViewController.h */ = {isa = PBXFileReference; fileEncoding = 4; lastKnownFileType = sourcecode.c.h; path = SignInViewController.h; sourceTree = "<group>"; };
		D99538311696003800C8B6F4 /* SignInViewController.m */ = {isa = PBXFileReference; fileEncoding = 4; lastKnownFileType = sourcecode.c.objc; path = SignInViewController.m; sourceTree = "<group>"; };
		D99538321696003800C8B6F4 /* SignInViewController.xib */ = {isa = PBXFileReference; fileEncoding = 4; lastKnownFileType = file.xib; path = SignInViewController.xib; sourceTree = "<group>"; };
		D99538361696013100C8B6F4 /* RequestSender.h */ = {isa = PBXFileReference; fileEncoding = 4; lastKnownFileType = sourcecode.c.h; path = RequestSender.h; sourceTree = "<group>"; };
		D99538371696013100C8B6F4 /* RequestSender.m */ = {isa = PBXFileReference; fileEncoding = 4; lastKnownFileType = sourcecode.c.objc; path = RequestSender.m; sourceTree = "<group>"; };
		D99538391696046100C8B6F4 /* RequestConstants.h */ = {isa = PBXFileReference; fileEncoding = 4; lastKnownFileType = sourcecode.c.h; path = RequestConstants.h; sourceTree = "<group>"; };
		D995383A16960E7100C8B6F4 /* RequestManager.h */ = {isa = PBXFileReference; fileEncoding = 4; lastKnownFileType = sourcecode.c.h; path = RequestManager.h; sourceTree = "<group>"; };
		D995383B16960E7100C8B6F4 /* RequestManager.m */ = {isa = PBXFileReference; fileEncoding = 4; lastKnownFileType = sourcecode.c.objc; path = RequestManager.m; sourceTree = "<group>"; };
		D995383F1696194A00C8B6F4 /* SettingsManager.h */ = {isa = PBXFileReference; fileEncoding = 4; lastKnownFileType = sourcecode.c.h; path = SettingsManager.h; sourceTree = "<group>"; };
		D99538401696194A00C8B6F4 /* SettingsManager.m */ = {isa = PBXFileReference; fileEncoding = 4; lastKnownFileType = sourcecode.c.objc; path = SettingsManager.m; sourceTree = "<group>"; };
		D995384316961A8100C8B6F4 /* SignInResponseParser.h */ = {isa = PBXFileReference; fileEncoding = 4; lastKnownFileType = sourcecode.c.h; path = SignInResponseParser.h; sourceTree = "<group>"; };
		D995384416961A8100C8B6F4 /* SignInResponseParser.m */ = {isa = PBXFileReference; fileEncoding = 4; lastKnownFileType = sourcecode.c.objc; path = SignInResponseParser.m; sourceTree = "<group>"; };
		D99538461696214000C8B6F4 /* OAuthResponse.h */ = {isa = PBXFileReference; fileEncoding = 4; lastKnownFileType = sourcecode.c.h; path = OAuthResponse.h; sourceTree = "<group>"; };
		D99538471696214000C8B6F4 /* OAuthResponse.m */ = {isa = PBXFileReference; fileEncoding = 4; lastKnownFileType = sourcecode.c.objc; path = OAuthResponse.m; sourceTree = "<group>"; };
		D995384D1696289F00C8B6F4 /* VKMusic-UnitTests.app */ = {isa = PBXFileReference; explicitFileType = wrapper.application; includeInIndex = 0; path = "VKMusic-UnitTests.app"; sourceTree = BUILT_PRODUCTS_DIR; };
		D99538541696289F00C8B6F4 /* VKMusic-UnitTests-Info.plist */ = {isa = PBXFileReference; lastKnownFileType = text.plist.xml; path = "VKMusic-UnitTests-Info.plist"; sourceTree = "<group>"; };
		D99538561696289F00C8B6F4 /* en */ = {isa = PBXFileReference; lastKnownFileType = text.plist.strings; name = en; path = en.lproj/InfoPlist.strings; sourceTree = "<group>"; };
		D99538581696289F00C8B6F4 /* main.m */ = {isa = PBXFileReference; lastKnownFileType = sourcecode.c.objc; path = main.m; sourceTree = "<group>"; };
		D995385A1696289F00C8B6F4 /* VKMusic-UnitTests-Prefix.pch */ = {isa = PBXFileReference; lastKnownFileType = sourcecode.c.h; path = "VKMusic-UnitTests-Prefix.pch"; sourceTree = "<group>"; };
		D995385E1696289F00C8B6F4 /* Default.png */ = {isa = PBXFileReference; lastKnownFileType = image.png; path = Default.png; sourceTree = "<group>"; };
		D99538601696289F00C8B6F4 /* Default@2x.png */ = {isa = PBXFileReference; lastKnownFileType = image.png; path = "Default@2x.png"; sourceTree = "<group>"; };
		D99538621696289F00C8B6F4 /* Default-568h@2x.png */ = {isa = PBXFileReference; lastKnownFileType = image.png; path = "Default-568h@2x.png"; sourceTree = "<group>"; };
/* End PBXFileReference section */

/* Begin PBXFrameworksBuildPhase section */
		D9258C1E1695F8F70072798B /* Frameworks */ = {
			isa = PBXFrameworksBuildPhase;
			buildActionMask = 2147483647;
			files = (
				D9258C261695F8F70072798B /* UIKit.framework in Frameworks */,
				D9258C281695F8F70072798B /* Foundation.framework in Frameworks */,
				D9258C2A1695F8F70072798B /* CoreGraphics.framework in Frameworks */,
				07F29BD556D94D2BBFDE0DC7 /* libPods.a in Frameworks */,
			);
			runOnlyForDeploymentPostprocessing = 0;
		};
		D995384A1696289F00C8B6F4 /* Frameworks */ = {
			isa = PBXFrameworksBuildPhase;
			buildActionMask = 2147483647;
			files = (
				D995384F1696289F00C8B6F4 /* UIKit.framework in Frameworks */,
				D99538501696289F00C8B6F4 /* Foundation.framework in Frameworks */,
				D99538511696289F00C8B6F4 /* CoreGraphics.framework in Frameworks */,
				F0F4C3590C1148909D9A7751 /* libPods-VKMusic-UnitTests.a in Frameworks */,
			);
			runOnlyForDeploymentPostprocessing = 0;
		};
/* End PBXFrameworksBuildPhase section */

/* Begin PBXGroup section */
		D9258C161695F8F70072798B = {
			isa = PBXGroup;
			children = (
				D9258C2B1695F8F70072798B /* VKMusic */,
				D99538521696289F00C8B6F4 /* VKMusic-UnitTests */,
				D9258C241695F8F70072798B /* Frameworks */,
				D9258C221695F8F70072798B /* Products */,
				9ADA439328B2446EB6F522D5 /* Pods.xcconfig */,
				2751EC8D6FBA4A1FA1E3AA2F /* Pods-VKMusic-UnitTests.xcconfig */,
			);
			sourceTree = "<group>";
		};
		D9258C221695F8F70072798B /* Products */ = {
			isa = PBXGroup;
			children = (
				D9258C211695F8F70072798B /* VKMusic.app */,
				D995384D1696289F00C8B6F4 /* VKMusic-UnitTests.app */,
			);
			name = Products;
			sourceTree = "<group>";
		};
		D9258C241695F8F70072798B /* Frameworks */ = {
			isa = PBXGroup;
			children = (
				D9258C251695F8F70072798B /* UIKit.framework */,
				D9258C271695F8F70072798B /* Foundation.framework */,
				D9258C291695F8F70072798B /* CoreGraphics.framework */,
				0CB5601261D84360B6711408 /* libPods.a */,
				280EA9A2240043DB953DAF58 /* libPods-VKMusic-UnitTests.a */,
			);
			name = Frameworks;
			sourceTree = "<group>";
		};
		D9258C2B1695F8F70072798B /* VKMusic */ = {
			isa = PBXGroup;
			children = (
				D995382D1695FFDE00C8B6F4 /* Application */,
				D995382F1695FFEA00C8B6F4 /* Controllers */,
				D9953835169600E700C8B6F4 /* Network */,
				D995383E1696193100C8B6F4 /* Helpers */,
				D9953842169619CB00C8B6F4 /* Models */,
				D9258C2C1695F8F70072798B /* Supporting Files */,
			);
			path = VKMusic;
			sourceTree = "<group>";
		};
		D9258C2C1695F8F70072798B /* Supporting Files */ = {
			isa = PBXGroup;
			children = (
				D9258C2D1695F8F70072798B /* VKMusic-Info.plist */,
				D9258C2E1695F8F70072798B /* InfoPlist.strings */,
				D9258C311695F8F70072798B /* main.m */,
				D9258C331695F8F70072798B /* VKMusic-Prefix.pch */,
				D9258C371695F8F70072798B /* Default.png */,
				D9258C391695F8F70072798B /* Default@2x.png */,
				D9258C3B1695F8F70072798B /* Default-568h@2x.png */,
			);
			name = "Supporting Files";
			sourceTree = "<group>";
		};
		D995382D1695FFDE00C8B6F4 /* Application */ = {
			isa = PBXGroup;
			children = (
				D9258C341695F8F70072798B /* AppDelegate.h */,
				D9258C351695F8F70072798B /* AppDelegate.m */,
			);
			name = Application;
			sourceTree = "<group>";
		};
		D995382F1695FFEA00C8B6F4 /* Controllers */ = {
			isa = PBXGroup;
			children = (
				D99538301696003800C8B6F4 /* SignInViewController.h */,
				D99538311696003800C8B6F4 /* SignInViewController.m */,
				D99538321696003800C8B6F4 /* SignInViewController.xib */,
			);
			name = Controllers;
			sourceTree = "<group>";
		};
		D9953835169600E700C8B6F4 /* Network */ = {
			isa = PBXGroup;
			children = (
				D99538391696046100C8B6F4 /* RequestConstants.h */,
				D99538361696013100C8B6F4 /* RequestSender.h */,
				D99538371696013100C8B6F4 /* RequestSender.m */,
				D995383A16960E7100C8B6F4 /* RequestManager.h */,
				D995383B16960E7100C8B6F4 /* RequestManager.m */,
			);
			name = Network;
			sourceTree = "<group>";
		};
		D995383E1696193100C8B6F4 /* Helpers */ = {
			isa = PBXGroup;
			children = (
				D995383F1696194A00C8B6F4 /* SettingsManager.h */,
				D99538401696194A00C8B6F4 /* SettingsManager.m */,
				D995384316961A8100C8B6F4 /* SignInResponseParser.h */,
				D995384416961A8100C8B6F4 /* SignInResponseParser.m */,
			);
			name = Helpers;
			sourceTree = "<group>";
		};
		D9953842169619CB00C8B6F4 /* Models */ = {
			isa = PBXGroup;
			children = (
				D99538461696214000C8B6F4 /* OAuthResponse.h */,
				D99538471696214000C8B6F4 /* OAuthResponse.m */,
			);
			name = Models;
			sourceTree = "<group>";
		};
		D99538521696289F00C8B6F4 /* VKMusic-UnitTests */ = {
			isa = PBXGroup;
			children = (
				D995387016962A2700C8B6F4 /* Specs */,
				D99538531696289F00C8B6F4 /* Supporting Files */,
			);
			path = "VKMusic-UnitTests";
			sourceTree = "<group>";
		};
		D99538531696289F00C8B6F4 /* Supporting Files */ = {
			isa = PBXGroup;
			children = (
				D99538541696289F00C8B6F4 /* VKMusic-UnitTests-Info.plist */,
				D99538551696289F00C8B6F4 /* InfoPlist.strings */,
				D99538581696289F00C8B6F4 /* main.m */,
				D995385A1696289F00C8B6F4 /* VKMusic-UnitTests-Prefix.pch */,
				D995385E1696289F00C8B6F4 /* Default.png */,
				D99538601696289F00C8B6F4 /* Default@2x.png */,
				D99538621696289F00C8B6F4 /* Default-568h@2x.png */,
			);
			name = "Supporting Files";
			sourceTree = "<group>";
		};
		D995387016962A2700C8B6F4 /* Specs */ = {
			isa = PBXGroup;
			children = (
				D957D6CE16962BEE001F352B /* OAuthResponseSpec.mm */,
			);
			name = Specs;
			sourceTree = "<group>";
		};
/* End PBXGroup section */

/* Begin PBXNativeTarget section */
		D9258C201695F8F70072798B /* VKMusic */ = {
			isa = PBXNativeTarget;
			buildConfigurationList = D9258C3F1695F8F70072798B /* Build configuration list for PBXNativeTarget "VKMusic" */;
			buildPhases = (
				D9258C1D1695F8F70072798B /* Sources */,
				D9258C1E1695F8F70072798B /* Frameworks */,
				D9258C1F1695F8F70072798B /* Resources */,
				3733CBF6FBBB4735AC1A469E /* Copy Pods Resources */,
			);
			buildRules = (
			);
			dependencies = (
			);
			name = VKMusic;
			productName = VKMusic;
			productReference = D9258C211695F8F70072798B /* VKMusic.app */;
			productType = "com.apple.product-type.application";
		};
		D995384C1696289F00C8B6F4 /* VKMusic-UnitTests */ = {
			isa = PBXNativeTarget;
			buildConfigurationList = D99538641696289F00C8B6F4 /* Build configuration list for PBXNativeTarget "VKMusic-UnitTests" */;
			buildPhases = (
				D99538491696289F00C8B6F4 /* Sources */,
				D995384A1696289F00C8B6F4 /* Frameworks */,
				D995384B1696289F00C8B6F4 /* Resources */,
				ED36F7942CE443A58F144BF0 /* Copy Pods Resources */,
			);
			buildRules = (
			);
			dependencies = (
			);
			name = "VKMusic-UnitTests";
			productName = "VKMusic-UnitTests";
			productReference = D995384D1696289F00C8B6F4 /* VKMusic-UnitTests.app */;
			productType = "com.apple.product-type.application";
		};
/* End PBXNativeTarget section */

/* Begin PBXProject section */
		D9258C181695F8F70072798B /* Project object */ = {
			isa = PBXProject;
			attributes = {
				LastUpgradeCheck = 0450;
				ORGANIZATIONNAME = "Evgeniy Kirpichenko";
			};
			buildConfigurationList = D9258C1B1695F8F70072798B /* Build configuration list for PBXProject "VKMusic" */;
			compatibilityVersion = "Xcode 3.2";
			developmentRegion = English;
			hasScannedForEncodings = 0;
			knownRegions = (
				en,
			);
			mainGroup = D9258C161695F8F70072798B;
			productRefGroup = D9258C221695F8F70072798B /* Products */;
			projectDirPath = "";
			projectRoot = "";
			targets = (
				D9258C201695F8F70072798B /* VKMusic */,
				D995384C1696289F00C8B6F4 /* VKMusic-UnitTests */,
			);
		};
/* End PBXProject section */

/* Begin PBXResourcesBuildPhase section */
		D9258C1F1695F8F70072798B /* Resources */ = {
			isa = PBXResourcesBuildPhase;
			buildActionMask = 2147483647;
			files = (
				D9258C301695F8F70072798B /* InfoPlist.strings in Resources */,
				D9258C381695F8F70072798B /* Default.png in Resources */,
				D9258C3A1695F8F70072798B /* Default@2x.png in Resources */,
				D9258C3C1695F8F70072798B /* Default-568h@2x.png in Resources */,
				D99538341696003800C8B6F4 /* SignInViewController.xib in Resources */,
			);
			runOnlyForDeploymentPostprocessing = 0;
		};
		D995384B1696289F00C8B6F4 /* Resources */ = {
			isa = PBXResourcesBuildPhase;
			buildActionMask = 2147483647;
			files = (
				D99538571696289F00C8B6F4 /* InfoPlist.strings in Resources */,
				D995385F1696289F00C8B6F4 /* Default.png in Resources */,
				D99538611696289F00C8B6F4 /* Default@2x.png in Resources */,
				D99538631696289F00C8B6F4 /* Default-568h@2x.png in Resources */,
			);
			runOnlyForDeploymentPostprocessing = 0;
		};
/* End PBXResourcesBuildPhase section */

/* Begin PBXShellScriptBuildPhase section */
		3733CBF6FBBB4735AC1A469E /* Copy Pods Resources */ = {
			isa = PBXShellScriptBuildPhase;
			buildActionMask = 2147483647;
			files = (
			);
			inputPaths = (
			);
			name = "Copy Pods Resources";
			outputPaths = (
			);
			runOnlyForDeploymentPostprocessing = 0;
			shellPath = /bin/sh;
			shellScript = "\"${SRCROOT}/Pods/Pods-resources.sh\"\n";
		};
		ED36F7942CE443A58F144BF0 /* Copy Pods Resources */ = {
			isa = PBXShellScriptBuildPhase;
			buildActionMask = 2147483647;
			files = (
			);
			inputPaths = (
			);
			name = "Copy Pods Resources";
			outputPaths = (
			);
			runOnlyForDeploymentPostprocessing = 0;
			shellPath = /bin/sh;
			shellScript = "\"${SRCROOT}/Pods/Pods-VKMusic-UnitTests-resources.sh\"\n";
		};
/* End PBXShellScriptBuildPhase section */

/* Begin PBXSourcesBuildPhase section */
		D9258C1D1695F8F70072798B /* Sources */ = {
			isa = PBXSourcesBuildPhase;
			buildActionMask = 2147483647;
			files = (
				D9258C321695F8F70072798B /* main.m in Sources */,
				D9258C361695F8F70072798B /* AppDelegate.m in Sources */,
				D99538331696003800C8B6F4 /* SignInViewController.m in Sources */,
				D99538381696013100C8B6F4 /* RequestSender.m in Sources */,
				D995383C16960E7100C8B6F4 /* RequestManager.m in Sources */,
				D99538411696194A00C8B6F4 /* SettingsManager.m in Sources */,
				D995384516961A8100C8B6F4 /* SignInResponseParser.m in Sources */,
				D99538481696214000C8B6F4 /* OAuthResponse.m in Sources */,
			);
			runOnlyForDeploymentPostprocessing = 0;
		};
		D99538491696289F00C8B6F4 /* Sources */ = {
			isa = PBXSourcesBuildPhase;
			buildActionMask = 2147483647;
			files = (
				D99538591696289F00C8B6F4 /* main.m in Sources */,
				D957D6CF16962BEE001F352B /* OAuthResponseSpec.mm in Sources */,
				D957D6D116962FA2001F352B /* OAuthResponse.m in Sources */,
			);
			runOnlyForDeploymentPostprocessing = 0;
		};
/* End PBXSourcesBuildPhase section */

/* Begin PBXVariantGroup section */
		D9258C2E1695F8F70072798B /* InfoPlist.strings */ = {
			isa = PBXVariantGroup;
			children = (
				D9258C2F1695F8F70072798B /* en */,
			);
			name = InfoPlist.strings;
			sourceTree = "<group>";
		};
		D99538551696289F00C8B6F4 /* InfoPlist.strings */ = {
			isa = PBXVariantGroup;
			children = (
				D99538561696289F00C8B6F4 /* en */,
			);
			name = InfoPlist.strings;
			sourceTree = "<group>";
		};
/* End PBXVariantGroup section */

/* Begin XCBuildConfiguration section */
		D9258C3D1695F8F70072798B /* Debug */ = {
			isa = XCBuildConfiguration;
			buildSettings = {
				ALWAYS_SEARCH_USER_PATHS = NO;
				CLANG_CXX_LANGUAGE_STANDARD = "gnu++0x";
				CLANG_CXX_LIBRARY = "libc++";
				CLANG_WARN_EMPTY_BODY = YES;
				CLANG_WARN__DUPLICATE_METHOD_MATCH = YES;
				"CODE_SIGN_IDENTITY[sdk=iphoneos*]" = "iPhone Developer";
				COPY_PHASE_STRIP = NO;
				GCC_C_LANGUAGE_STANDARD = gnu99;
				GCC_DYNAMIC_NO_PIC = NO;
				GCC_OPTIMIZATION_LEVEL = 0;
				GCC_PREPROCESSOR_DEFINITIONS = (
					"DEBUG=1",
					"$(inherited)",
				);
				GCC_SYMBOLS_PRIVATE_EXTERN = NO;
				GCC_WARN_ABOUT_RETURN_TYPE = YES;
				GCC_WARN_UNINITIALIZED_AUTOS = YES;
				GCC_WARN_UNUSED_VARIABLE = YES;
				IPHONEOS_DEPLOYMENT_TARGET = 6.0;
				ONLY_ACTIVE_ARCH = YES;
				SDKROOT = iphoneos;
				TARGETED_DEVICE_FAMILY = "1,2";
			};
			name = Debug;
		};
		D9258C3E1695F8F70072798B /* Release */ = {
			isa = XCBuildConfiguration;
			buildSettings = {
				ALWAYS_SEARCH_USER_PATHS = NO;
				CLANG_CXX_LANGUAGE_STANDARD = "gnu++0x";
				CLANG_CXX_LIBRARY = "libc++";
				CLANG_WARN_EMPTY_BODY = YES;
				CLANG_WARN__DUPLICATE_METHOD_MATCH = YES;
				"CODE_SIGN_IDENTITY[sdk=iphoneos*]" = "iPhone Developer";
				COPY_PHASE_STRIP = YES;
				GCC_C_LANGUAGE_STANDARD = gnu99;
				GCC_WARN_ABOUT_RETURN_TYPE = YES;
				GCC_WARN_UNINITIALIZED_AUTOS = YES;
				GCC_WARN_UNUSED_VARIABLE = YES;
				IPHONEOS_DEPLOYMENT_TARGET = 6.0;
				OTHER_CFLAGS = "-DNS_BLOCK_ASSERTIONS=1";
				SDKROOT = iphoneos;
				TARGETED_DEVICE_FAMILY = "1,2";
				VALIDATE_PRODUCT = YES;
			};
			name = Release;
		};
		D9258C401695F8F70072798B /* Debug */ = {
			isa = XCBuildConfiguration;
			baseConfigurationReference = 9ADA439328B2446EB6F522D5 /* Pods.xcconfig */;
			buildSettings = {
				CLANG_ENABLE_OBJC_ARC = YES;
				GCC_PRECOMPILE_PREFIX_HEADER = YES;
				GCC_PREFIX_HEADER = "VKMusic/VKMusic-Prefix.pch";
				INFOPLIST_FILE = "VKMusic/VKMusic-Info.plist";
				PRODUCT_NAME = "$(TARGET_NAME)";
				WRAPPER_EXTENSION = app;
			};
			name = Debug;
		};
		D9258C411695F8F70072798B /* Release */ = {
			isa = XCBuildConfiguration;
			baseConfigurationReference = 9ADA439328B2446EB6F522D5 /* Pods.xcconfig */;
			buildSettings = {
				CLANG_ENABLE_OBJC_ARC = YES;
				GCC_PRECOMPILE_PREFIX_HEADER = YES;
				GCC_PREFIX_HEADER = "VKMusic/VKMusic-Prefix.pch";
				INFOPLIST_FILE = "VKMusic/VKMusic-Info.plist";
				PRODUCT_NAME = "$(TARGET_NAME)";
				WRAPPER_EXTENSION = app;
			};
			name = Release;
		};
		D99538651696289F00C8B6F4 /* Debug */ = {
			isa = XCBuildConfiguration;
			baseConfigurationReference = 2751EC8D6FBA4A1FA1E3AA2F /* Pods-VKMusic-UnitTests.xcconfig */;
			buildSettings = {
				CLANG_ENABLE_OBJC_ARC = YES;
				"CODE_SIGN_IDENTITY[sdk=iphoneos*]" = "iPhone Developer";
				GCC_PRECOMPILE_PREFIX_HEADER = YES;
				GCC_PREFIX_HEADER = "VKMusic-UnitTests/VKMusic-UnitTests-Prefix.pch";
				INFOPLIST_FILE = "VKMusic-UnitTests/VKMusic-UnitTests-Info.plist";
				PRODUCT_NAME = "$(TARGET_NAME)";
				WRAPPER_EXTENSION = app;
			};
			name = Debug;
		};
		D99538661696289F00C8B6F4 /* Release */ = {
			isa = XCBuildConfiguration;
			baseConfigurationReference = 2751EC8D6FBA4A1FA1E3AA2F /* Pods-VKMusic-UnitTests.xcconfig */;
			buildSettings = {
				CLANG_ENABLE_OBJC_ARC = YES;
				"CODE_SIGN_IDENTITY[sdk=iphoneos*]" = "iPhone Developer";
				GCC_PRECOMPILE_PREFIX_HEADER = YES;
				GCC_PREFIX_HEADER = "VKMusic-UnitTests/VKMusic-UnitTests-Prefix.pch";
				INFOPLIST_FILE = "VKMusic-UnitTests/VKMusic-UnitTests-Info.plist";
				PRODUCT_NAME = "$(TARGET_NAME)";
				WRAPPER_EXTENSION = app;
			};
			name = Release;
		};
/* End XCBuildConfiguration section */

/* Begin XCConfigurationList section */
		D9258C1B1695F8F70072798B /* Build configuration list for PBXProject "VKMusic" */ = {
			isa = XCConfigurationList;
			buildConfigurations = (
				D9258C3D1695F8F70072798B /* Debug */,
				D9258C3E1695F8F70072798B /* Release */,
			);
			defaultConfigurationIsVisible = 0;
			defaultConfigurationName = Release;
		};
		D9258C3F1695F8F70072798B /* Build configuration list for PBXNativeTarget "VKMusic" */ = {
			isa = XCConfigurationList;
			buildConfigurations = (
				D9258C401695F8F70072798B /* Debug */,
				D9258C411695F8F70072798B /* Release */,
			);
			defaultConfigurationIsVisible = 0;
			defaultConfigurationName = Release;
		};
		D99538641696289F00C8B6F4 /* Build configuration list for PBXNativeTarget "VKMusic-UnitTests" */ = {
			isa = XCConfigurationList;
			buildConfigurations = (
				D99538651696289F00C8B6F4 /* Debug */,
				D99538661696289F00C8B6F4 /* Release */,
			);
			defaultConfigurationIsVisible = 0;
			defaultConfigurationName = Release;
		};
/* End XCConfigurationList section */
	};
	rootObject = D9258C181695F8F70072798B /* Project object */;
}
